// !$*UTF8*$!
{
	archiveVersion = 1;
	classes = {
	};
	objectVersion = 45;
	objects = {

/* Begin PBXBuildFile section */
		0D68A3C70EDCD2B6007CE721 /* QuestionListViewController.m in Sources */ = {isa = PBXBuildFile; fileRef = 0D68A3C60EDCD2B6007CE721 /* QuestionListViewController.m */; };
		0D68A3C90EDCD2DB007CE721 /* QuestionListView.xib in Resources */ = {isa = PBXBuildFile; fileRef = 0D68A3C80EDCD2DB007CE721 /* QuestionListView.xib */; };
		0D68A3CF0EDCD37A007CE721 /* WalletViewController.m in Sources */ = {isa = PBXBuildFile; fileRef = 0D68A3CE0EDCD37A007CE721 /* WalletViewController.m */; };
		0D68A3D10EDCD38E007CE721 /* WalletView.xib in Resources */ = {isa = PBXBuildFile; fileRef = 0D68A3D00EDCD38E007CE721 /* WalletView.xib */; };
		0D68A3D50EDCD3D6007CE721 /* ProfileViewController.m in Sources */ = {isa = PBXBuildFile; fileRef = 0D68A3D40EDCD3D6007CE721 /* ProfileViewController.m */; };
		0D68A3D70EDCD3EF007CE721 /* ProfileView.xib in Resources */ = {isa = PBXBuildFile; fileRef = 0D68A3D60EDCD3EF007CE721 /* ProfileView.xib */; };
		0D68A3EA0EDCD5CC007CE721 /* MainWindowViewController.m in Sources */ = {isa = PBXBuildFile; fileRef = 0D68A3E90EDCD5CC007CE721 /* MainWindowViewController.m */; };
		0DD8C8420EF33C3E00A20937 /* Question.m in Sources */ = {isa = PBXBuildFile; fileRef = 0DD8C8410EF33C3E00A20937 /* Question.m */; };
		0DD8C95E0EF487C900A20937 /* SurveyQuestionView.xib in Resources */ = {isa = PBXBuildFile; fileRef = 0DD8C95D0EF487C900A20937 /* SurveyQuestionView.xib */; };
		0DF9E1F00EF2ED3400A522A1 /* Icon.png in Resources */ = {isa = PBXBuildFile; fileRef = 0DF9E1ED0EF2ED3400A522A1 /* Icon.png */; };
		0DF9E22C0EF2F4FC00A522A1 /* profile.png in Resources */ = {isa = PBXBuildFile; fileRef = 0DF9E2290EF2F4FC00A522A1 /* profile.png */; };
		0DF9E22D0EF2F4FC00A522A1 /* question.png in Resources */ = {isa = PBXBuildFile; fileRef = 0DF9E22A0EF2F4FC00A522A1 /* question.png */; };
		0DF9E22E0EF2F4FC00A522A1 /* wallet.png in Resources */ = {isa = PBXBuildFile; fileRef = 0DF9E22B0EF2F4FC00A522A1 /* wallet.png */; };
		0DF9E2300EF2F61A00A522A1 /* user.png in Resources */ = {isa = PBXBuildFile; fileRef = 0DF9E22F0EF2F61A00A522A1 /* user.png */; };
		0DF9E3150EF3065200A522A1 /* QuestionView.xib in Resources */ = {isa = PBXBuildFile; fileRef = 0DF9E3140EF3065200A522A1 /* QuestionView.xib */; };
		1D3623260D0F684500981E51 /* JoeMetricAppDelegate.m in Sources */ = {isa = PBXBuildFile; fileRef = 1D3623250D0F684500981E51 /* JoeMetricAppDelegate.m */; };
		1D60589B0D05DD56006BFB54 /* main.m in Sources */ = {isa = PBXBuildFile; fileRef = 29B97316FDCFA39411CA2CEA /* main.m */; };
		1D60589F0D05DD5A006BFB54 /* Foundation.framework in Frameworks */ = {isa = PBXBuildFile; fileRef = 1D30AB110D05D00D00671497 /* Foundation.framework */; };
		1DF5F4E00D08C38300B7A737 /* UIKit.framework in Frameworks */ = {isa = PBXBuildFile; fileRef = 1DF5F4DF0D08C38300B7A737 /* UIKit.framework */; };
		288765080DF74369002DB57D /* CoreGraphics.framework in Frameworks */ = {isa = PBXBuildFile; fileRef = 288765070DF74369002DB57D /* CoreGraphics.framework */; };
		28AD73880D9D96C1002E5188 /* MainWindow.xib in Resources */ = {isa = PBXBuildFile; fileRef = 28AD73870D9D96C1002E5188 /* MainWindow.xib */; };
		392676560F61A01600A889B8 /* refresh_icon.png in Resources */ = {isa = PBXBuildFile; fileRef = 392676550F61A01600A889B8 /* refresh_icon.png */; };
		5420E3130F6E7F5B00DC2BDE /* LabelledTableViewCell.xib in Resources */ = {isa = PBXBuildFile; fileRef = 5420E3120F6E7F5B00DC2BDE /* LabelledTableViewCell.xib */; };
		5420E3170F6E82E800DC2BDE /* LabelledTableViewCell.m in Sources */ = {isa = PBXBuildFile; fileRef = 5420E3160F6E82E800DC2BDE /* LabelledTableViewCell.m */; };
		547608CE0F6E5B37007CCC58 /* NewAccountViewController.m in Sources */ = {isa = PBXBuildFile; fileRef = 547608CD0F6E5B37007CCC58 /* NewAccountViewController.m */; };
		547608D10F6E5B6B007CCC58 /* NewAccountView.xib in Resources */ = {isa = PBXBuildFile; fileRef = 547608D00F6E5B6B007CCC58 /* NewAccountView.xib */; };
		548D9BC20F6AB49900629CCE /* CredentialsView.xib in Resources */ = {isa = PBXBuildFile; fileRef = 548D9BC10F6AB49900629CCE /* CredentialsView.xib */; };
		548D9BC60F6AB5D100629CCE /* CredentialsViewController.m in Sources */ = {isa = PBXBuildFile; fileRef = 548D9BC50F6AB5D100629CCE /* CredentialsViewController.m */; };
		54D2A5630F6C53D800C0C316 /* Settings.bundle in Resources */ = {isa = PBXBuildFile; fileRef = 54D2A5620F6C53D800C0C316 /* Settings.bundle */; };
		54FA56FB0F6E439200939C65 /* NoCredentialsProfileDataSource.m in Sources */ = {isa = PBXBuildFile; fileRef = 54FA56FA0F6E439200939C65 /* NoCredentialsProfileDataSource.m */; };
		54FA56FE0F6E43F100939C65 /* ValidCredentialsProfileDataSource.m in Sources */ = {isa = PBXBuildFile; fileRef = 54FA56FD0F6E43F100939C65 /* ValidCredentialsProfileDataSource.m */; };
		D255487C0F13C2950098100B /* Survey.m in Sources */ = {isa = PBXBuildFile; fileRef = FC21C5040F12B3AC00436E7F /* Survey.m */; };
		D266E01B0F3A400200C20691 /* NSObject+SBJSON.m in Sources */ = {isa = PBXBuildFile; fileRef = D266E0160F3A400200C20691 /* NSObject+SBJSON.m */; };
		D266E01C0F3A400200C20691 /* NSString+SBJSON.m in Sources */ = {isa = PBXBuildFile; fileRef = D266E0180F3A400200C20691 /* NSString+SBJSON.m */; };
		D266E01D0F3A400200C20691 /* SBJSON.m in Sources */ = {isa = PBXBuildFile; fileRef = D266E01A0F3A400200C20691 /* SBJSON.m */; };
		D266E01E0F3A400200C20691 /* NSObject+SBJSON.m in Sources */ = {isa = PBXBuildFile; fileRef = D266E0160F3A400200C20691 /* NSObject+SBJSON.m */; };
		D266E01F0F3A400200C20691 /* NSString+SBJSON.m in Sources */ = {isa = PBXBuildFile; fileRef = D266E0180F3A400200C20691 /* NSString+SBJSON.m */; };
		D266E0200F3A400200C20691 /* SBJSON.m in Sources */ = {isa = PBXBuildFile; fileRef = D266E01A0F3A400200C20691 /* SBJSON.m */; };
		D2955DEB0F3A18CA002675C9 /* SurveyTest.m in Sources */ = {isa = PBXBuildFile; fileRef = D2955DEA0F3A18CA002675C9 /* SurveyTest.m */; };
		D2955DF80F3A36E6002675C9 /* Resource.m in Sources */ = {isa = PBXBuildFile; fileRef = D2955DF50F3A36E6002675C9 /* Resource.m */; };
		D2955DF90F3A36E6002675C9 /* Rest.m in Sources */ = {isa = PBXBuildFile; fileRef = D2955DF70F3A36E6002675C9 /* Rest.m */; };
		D2955DFA0F3A36E6002675C9 /* Resource.m in Sources */ = {isa = PBXBuildFile; fileRef = D2955DF50F3A36E6002675C9 /* Resource.m */; };
		D2955DFB0F3A36E6002675C9 /* Rest.m in Sources */ = {isa = PBXBuildFile; fileRef = D2955DF70F3A36E6002675C9 /* Rest.m */; };
		D2AD6B170EFFF62900DB13FD /* AccountTest.m in Sources */ = {isa = PBXBuildFile; fileRef = D2AD6B160EFFF62900DB13FD /* AccountTest.m */; };
		D2AD6B1C0EFFF66B00DB13FD /* Account.m in Sources */ = {isa = PBXBuildFile; fileRef = D2AD6B1B0EFFF66B00DB13FD /* Account.m */; };
		D2AD6B1D0EFFF66B00DB13FD /* Account.m in Sources */ = {isa = PBXBuildFile; fileRef = D2AD6B1B0EFFF66B00DB13FD /* Account.m */; };
		D2C6934E0F669F600009E3A7 /* Answer.m in Sources */ = {isa = PBXBuildFile; fileRef = D2C6934D0F669F600009E3A7 /* Answer.m */; };
		D2C6934F0F669F600009E3A7 /* Answer.m in Sources */ = {isa = PBXBuildFile; fileRef = D2C6934D0F669F600009E3A7 /* Answer.m */; };
		D2F22B400EFBEA090047CBFA /* GTMIPhoneUnitTestDelegate.m in Sources */ = {isa = PBXBuildFile; fileRef = D2F22B3C0EFBEA090047CBFA /* GTMIPhoneUnitTestDelegate.m */; };
		D2F22B410EFBEA090047CBFA /* GTMIPhoneUnitTestMain.m in Sources */ = {isa = PBXBuildFile; fileRef = D2F22B3D0EFBEA090047CBFA /* GTMIPhoneUnitTestMain.m */; };
		D2F22B420EFBEA090047CBFA /* GTMSenTestCase.m in Sources */ = {isa = PBXBuildFile; fileRef = D2F22B3F0EFBEA090047CBFA /* GTMSenTestCase.m */; };
		D2F22B850EFBF09C0047CBFA /* QuestionTest.m in Sources */ = {isa = PBXBuildFile; fileRef = D2F22B840EFBF09C0047CBFA /* QuestionTest.m */; };
		D2F22BB20EFBF3C30047CBFA /* Question.m in Sources */ = {isa = PBXBuildFile; fileRef = 0DD8C8410EF33C3E00A20937 /* Question.m */; };
		D2F2EF750F6030EB00A8BB57 /* QuestionViewController.m in Sources */ = {isa = PBXBuildFile; fileRef = D2F2EF740F6030EB00A8BB57 /* QuestionViewController.m */; };
		D2F2EF9B0F60384E00A8BB57 /* FreeTextAnswerController.m in Sources */ = {isa = PBXBuildFile; fileRef = D2F2EF9A0F60384E00A8BB57 /* FreeTextAnswerController.m */; };
		D2F2EF9E0F60385A00A8BB57 /* PictureAnswerController.m in Sources */ = {isa = PBXBuildFile; fileRef = D2F2EF9D0F60385A00A8BB57 /* PictureAnswerController.m */; };
		D2F2EFA30F60389100A8BB57 /* FreeTextAnswerView.xib in Resources */ = {isa = PBXBuildFile; fileRef = D2F2EFA20F60389100A8BB57 /* FreeTextAnswerView.xib */; };
		D2F2EFA50F60389D00A8BB57 /* PictureAnswerView.xib in Resources */ = {isa = PBXBuildFile; fileRef = D2F2EFA40F60389D00A8BB57 /* PictureAnswerView.xib */; };
		D2F2EFF50F606AB500A8BB57 /* SurveyInfoViewController.m in Sources */ = {isa = PBXBuildFile; fileRef = D2F2EFF40F606AB500A8BB57 /* SurveyInfoViewController.m */; };
		D2F2EFF70F606ACD00A8BB57 /* SurveyInfoView.xib in Resources */ = {isa = PBXBuildFile; fileRef = D2F2EFF60F606ACD00A8BB57 /* SurveyInfoView.xib */; };
		FC21C5050F12B3AC00436E7F /* Survey.m in Sources */ = {isa = PBXBuildFile; fileRef = FC21C5040F12B3AC00436E7F /* Survey.m */; };
		FC9756860F13B2300077926E /* SurveyListViewController.m in Sources */ = {isa = PBXBuildFile; fileRef = FC9756850F13B2300077926E /* SurveyListViewController.m */; };
		FC9756890F13B4070077926E /* SurveyListView.xib in Resources */ = {isa = PBXBuildFile; fileRef = FC9756880F13B4070077926E /* SurveyListView.xib */; };
		FC97568A0F13B4070077926E /* SurveyListView.xib in Resources */ = {isa = PBXBuildFile; fileRef = FC9756880F13B4070077926E /* SurveyListView.xib */; };
/* End PBXBuildFile section */

/* Begin PBXFileReference section */
		0D68A3C50EDCD2B6007CE721 /* QuestionListViewController.h */ = {isa = PBXFileReference; fileEncoding = 4; lastKnownFileType = sourcecode.c.h; path = QuestionListViewController.h; sourceTree = "<group>"; };
		0D68A3C60EDCD2B6007CE721 /* QuestionListViewController.m */ = {isa = PBXFileReference; fileEncoding = 4; lastKnownFileType = sourcecode.c.objc; path = QuestionListViewController.m; sourceTree = "<group>"; };
		0D68A3C80EDCD2DB007CE721 /* QuestionListView.xib */ = {isa = PBXFileReference; lastKnownFileType = file.xib; path = QuestionListView.xib; sourceTree = "<group>"; };
		0D68A3CD0EDCD37A007CE721 /* WalletViewController.h */ = {isa = PBXFileReference; fileEncoding = 4; lastKnownFileType = sourcecode.c.h; path = WalletViewController.h; sourceTree = "<group>"; };
		0D68A3CE0EDCD37A007CE721 /* WalletViewController.m */ = {isa = PBXFileReference; fileEncoding = 4; lastKnownFileType = sourcecode.c.objc; path = WalletViewController.m; sourceTree = "<group>"; };
		0D68A3D00EDCD38E007CE721 /* WalletView.xib */ = {isa = PBXFileReference; lastKnownFileType = file.xib; path = WalletView.xib; sourceTree = "<group>"; };
		0D68A3D30EDCD3D6007CE721 /* ProfileViewController.h */ = {isa = PBXFileReference; fileEncoding = 4; lastKnownFileType = sourcecode.c.h; path = ProfileViewController.h; sourceTree = "<group>"; };
		0D68A3D40EDCD3D6007CE721 /* ProfileViewController.m */ = {isa = PBXFileReference; fileEncoding = 4; lastKnownFileType = sourcecode.c.objc; path = ProfileViewController.m; sourceTree = "<group>"; };
		0D68A3D60EDCD3EF007CE721 /* ProfileView.xib */ = {isa = PBXFileReference; lastKnownFileType = file.xib; path = ProfileView.xib; sourceTree = "<group>"; };
		0D68A3E80EDCD5CC007CE721 /* MainWindowViewController.h */ = {isa = PBXFileReference; fileEncoding = 4; lastKnownFileType = sourcecode.c.h; path = MainWindowViewController.h; sourceTree = "<group>"; };
		0D68A3E90EDCD5CC007CE721 /* MainWindowViewController.m */ = {isa = PBXFileReference; fileEncoding = 4; lastKnownFileType = sourcecode.c.objc; path = MainWindowViewController.m; sourceTree = "<group>"; };
		0DD8C8400EF33C3E00A20937 /* Question.h */ = {isa = PBXFileReference; fileEncoding = 4; lastKnownFileType = sourcecode.c.h; path = Question.h; sourceTree = "<group>"; };
		0DD8C8410EF33C3E00A20937 /* Question.m */ = {isa = PBXFileReference; fileEncoding = 4; lastKnownFileType = sourcecode.c.objc; path = Question.m; sourceTree = "<group>"; };
		0DD8C95D0EF487C900A20937 /* SurveyQuestionView.xib */ = {isa = PBXFileReference; lastKnownFileType = file.xib; path = SurveyQuestionView.xib; sourceTree = "<group>"; };
		0DF9E1ED0EF2ED3400A522A1 /* Icon.png */ = {isa = PBXFileReference; lastKnownFileType = image.png; path = Icon.png; sourceTree = SOURCE_ROOT; };
		0DF9E2290EF2F4FC00A522A1 /* profile.png */ = {isa = PBXFileReference; lastKnownFileType = image.png; path = profile.png; sourceTree = "<group>"; };
		0DF9E22A0EF2F4FC00A522A1 /* question.png */ = {isa = PBXFileReference; lastKnownFileType = image.png; path = question.png; sourceTree = "<group>"; };
		0DF9E22B0EF2F4FC00A522A1 /* wallet.png */ = {isa = PBXFileReference; lastKnownFileType = image.png; path = wallet.png; sourceTree = "<group>"; };
		0DF9E22F0EF2F61A00A522A1 /* user.png */ = {isa = PBXFileReference; lastKnownFileType = image.png; path = user.png; sourceTree = "<group>"; };
		0DF9E3140EF3065200A522A1 /* QuestionView.xib */ = {isa = PBXFileReference; lastKnownFileType = file.xib; path = QuestionView.xib; sourceTree = "<group>"; };
		1D30AB110D05D00D00671497 /* Foundation.framework */ = {isa = PBXFileReference; lastKnownFileType = wrapper.framework; name = Foundation.framework; path = System/Library/Frameworks/Foundation.framework; sourceTree = SDKROOT; };
		1D3623240D0F684500981E51 /* JoeMetricAppDelegate.h */ = {isa = PBXFileReference; fileEncoding = 4; lastKnownFileType = sourcecode.c.h; path = JoeMetricAppDelegate.h; sourceTree = "<group>"; };
		1D3623250D0F684500981E51 /* JoeMetricAppDelegate.m */ = {isa = PBXFileReference; fileEncoding = 4; lastKnownFileType = sourcecode.c.objc; path = JoeMetricAppDelegate.m; sourceTree = "<group>"; };
		1D6058910D05DD3D006BFB54 /* JoeMetric.app */ = {isa = PBXFileReference; explicitFileType = wrapper.application; includeInIndex = 0; path = JoeMetric.app; sourceTree = BUILT_PRODUCTS_DIR; };
		1DF5F4DF0D08C38300B7A737 /* UIKit.framework */ = {isa = PBXFileReference; lastKnownFileType = wrapper.framework; name = UIKit.framework; path = System/Library/Frameworks/UIKit.framework; sourceTree = SDKROOT; };
		288765070DF74369002DB57D /* CoreGraphics.framework */ = {isa = PBXFileReference; lastKnownFileType = wrapper.framework; name = CoreGraphics.framework; path = System/Library/Frameworks/CoreGraphics.framework; sourceTree = SDKROOT; };
		28A0AB4B0D9B1048005BE974 /* JoeMetric_Prefix.pch */ = {isa = PBXFileReference; fileEncoding = 4; lastKnownFileType = sourcecode.c.h; path = JoeMetric_Prefix.pch; sourceTree = "<group>"; };
		28AD73870D9D96C1002E5188 /* MainWindow.xib */ = {isa = PBXFileReference; lastKnownFileType = file.xib; path = MainWindow.xib; sourceTree = "<group>"; };
		29B97316FDCFA39411CA2CEA /* main.m */ = {isa = PBXFileReference; fileEncoding = 4; lastKnownFileType = sourcecode.c.objc; path = main.m; sourceTree = "<group>"; };
		392676550F61A01600A889B8 /* refresh_icon.png */ = {isa = PBXFileReference; lastKnownFileType = image.png; path = refresh_icon.png; sourceTree = "<group>"; };
		5420E3120F6E7F5B00DC2BDE /* LabelledTableViewCell.xib */ = {isa = PBXFileReference; lastKnownFileType = file.xib; path = LabelledTableViewCell.xib; sourceTree = "<group>"; };
		5420E3150F6E82E800DC2BDE /* LabelledTableViewCell.h */ = {isa = PBXFileReference; fileEncoding = 4; lastKnownFileType = sourcecode.c.h; path = LabelledTableViewCell.h; sourceTree = "<group>"; };
		5420E3160F6E82E800DC2BDE /* LabelledTableViewCell.m */ = {isa = PBXFileReference; fileEncoding = 4; lastKnownFileType = sourcecode.c.objc; path = LabelledTableViewCell.m; sourceTree = "<group>"; };
		547608CC0F6E5B37007CCC58 /* NewAccountViewController.h */ = {isa = PBXFileReference; fileEncoding = 4; lastKnownFileType = sourcecode.c.h; path = NewAccountViewController.h; sourceTree = "<group>"; };
		547608CD0F6E5B37007CCC58 /* NewAccountViewController.m */ = {isa = PBXFileReference; fileEncoding = 4; lastKnownFileType = sourcecode.c.objc; path = NewAccountViewController.m; sourceTree = "<group>"; };
		547608D00F6E5B6B007CCC58 /* NewAccountView.xib */ = {isa = PBXFileReference; lastKnownFileType = file.xib; path = NewAccountView.xib; sourceTree = "<group>"; };
		548D9B100F6AAE7300629CCE /* RestDelegate.h */ = {isa = PBXFileReference; fileEncoding = 4; lastKnownFileType = sourcecode.c.h; path = RestDelegate.h; sourceTree = "<group>"; };
		548D9B120F6AAEC100629CCE /* ResourceDelegate.h */ = {isa = PBXFileReference; fileEncoding = 4; lastKnownFileType = sourcecode.c.h; path = ResourceDelegate.h; sourceTree = "<group>"; };
		548D9BC10F6AB49900629CCE /* CredentialsView.xib */ = {isa = PBXFileReference; lastKnownFileType = file.xib; path = CredentialsView.xib; sourceTree = "<group>"; };
		548D9BC40F6AB5D100629CCE /* CredentialsViewController.h */ = {isa = PBXFileReference; fileEncoding = 4; lastKnownFileType = sourcecode.c.h; path = CredentialsViewController.h; sourceTree = "<group>"; };
		548D9BC50F6AB5D100629CCE /* CredentialsViewController.m */ = {isa = PBXFileReference; fileEncoding = 4; lastKnownFileType = sourcecode.c.objc; path = CredentialsViewController.m; sourceTree = "<group>"; };
		54D2A5620F6C53D800C0C316 /* Settings.bundle */ = {isa = PBXFileReference; lastKnownFileType = "wrapper.plug-in"; path = Settings.bundle; sourceTree = "<group>"; };
		54FA56F90F6E439200939C65 /* NoCredentialsProfileDataSource.h */ = {isa = PBXFileReference; fileEncoding = 4; lastKnownFileType = sourcecode.c.h; path = NoCredentialsProfileDataSource.h; sourceTree = "<group>"; };
		54FA56FA0F6E439200939C65 /* NoCredentialsProfileDataSource.m */ = {isa = PBXFileReference; fileEncoding = 4; lastKnownFileType = sourcecode.c.objc; path = NoCredentialsProfileDataSource.m; sourceTree = "<group>"; };
		54FA56FC0F6E43F100939C65 /* ValidCredentialsProfileDataSource.h */ = {isa = PBXFileReference; fileEncoding = 4; lastKnownFileType = sourcecode.c.h; path = ValidCredentialsProfileDataSource.h; sourceTree = "<group>"; };
		54FA56FD0F6E43F100939C65 /* ValidCredentialsProfileDataSource.m */ = {isa = PBXFileReference; fileEncoding = 4; lastKnownFileType = sourcecode.c.objc; path = ValidCredentialsProfileDataSource.m; sourceTree = "<group>"; };
		8D1107310486CEB800E47090 /* Info.plist */ = {isa = PBXFileReference; fileEncoding = 4; lastKnownFileType = text.plist.xml; path = Info.plist; sourceTree = "<group>"; };
		D266E0140F3A400200C20691 /* JSON.h */ = {isa = PBXFileReference; fileEncoding = 4; lastKnownFileType = sourcecode.c.h; path = JSON.h; sourceTree = "<group>"; };
		D266E0150F3A400200C20691 /* NSObject+SBJSON.h */ = {isa = PBXFileReference; fileEncoding = 4; lastKnownFileType = sourcecode.c.h; path = "NSObject+SBJSON.h"; sourceTree = "<group>"; };
		D266E0160F3A400200C20691 /* NSObject+SBJSON.m */ = {isa = PBXFileReference; fileEncoding = 4; lastKnownFileType = sourcecode.c.objc; path = "NSObject+SBJSON.m"; sourceTree = "<group>"; };
		D266E0170F3A400200C20691 /* NSString+SBJSON.h */ = {isa = PBXFileReference; fileEncoding = 4; lastKnownFileType = sourcecode.c.h; path = "NSString+SBJSON.h"; sourceTree = "<group>"; };
		D266E0180F3A400200C20691 /* NSString+SBJSON.m */ = {isa = PBXFileReference; fileEncoding = 4; lastKnownFileType = sourcecode.c.objc; path = "NSString+SBJSON.m"; sourceTree = "<group>"; };
		D266E0190F3A400200C20691 /* SBJSON.h */ = {isa = PBXFileReference; fileEncoding = 4; lastKnownFileType = sourcecode.c.h; path = SBJSON.h; sourceTree = "<group>"; };
		D266E01A0F3A400200C20691 /* SBJSON.m */ = {isa = PBXFileReference; fileEncoding = 4; lastKnownFileType = sourcecode.c.objc; path = SBJSON.m; sourceTree = "<group>"; };
		D2955DEA0F3A18CA002675C9 /* SurveyTest.m */ = {isa = PBXFileReference; fileEncoding = 4; lastKnownFileType = sourcecode.c.objc; name = SurveyTest.m; path = UnitTests/SurveyTest.m; sourceTree = "<group>"; };
		D2955DEC0F3A18DE002675C9 /* SurveyTest.h */ = {isa = PBXFileReference; fileEncoding = 4; lastKnownFileType = sourcecode.c.h; name = SurveyTest.h; path = UnitTests/SurveyTest.h; sourceTree = "<group>"; };
		D2955DF40F3A36E6002675C9 /* Resource.h */ = {isa = PBXFileReference; fileEncoding = 4; lastKnownFileType = sourcecode.c.h; path = Resource.h; sourceTree = "<group>"; };
		D2955DF50F3A36E6002675C9 /* Resource.m */ = {isa = PBXFileReference; fileEncoding = 4; lastKnownFileType = sourcecode.c.objc; path = Resource.m; sourceTree = "<group>"; };
		D2955DF60F3A36E6002675C9 /* Rest.h */ = {isa = PBXFileReference; fileEncoding = 4; lastKnownFileType = sourcecode.c.h; path = Rest.h; sourceTree = "<group>"; };
		D2955DF70F3A36E6002675C9 /* Rest.m */ = {isa = PBXFileReference; fileEncoding = 4; lastKnownFileType = sourcecode.c.objc; path = Rest.m; sourceTree = "<group>"; };
		D2AD6B160EFFF62900DB13FD /* AccountTest.m */ = {isa = PBXFileReference; fileEncoding = 4; lastKnownFileType = sourcecode.c.objc; name = AccountTest.m; path = UnitTests/AccountTest.m; sourceTree = "<group>"; };
		D2AD6B1A0EFFF66B00DB13FD /* Account.h */ = {isa = PBXFileReference; fileEncoding = 4; lastKnownFileType = sourcecode.c.h; path = Account.h; sourceTree = "<group>"; };
		D2AD6B1B0EFFF66B00DB13FD /* Account.m */ = {isa = PBXFileReference; fileEncoding = 4; lastKnownFileType = sourcecode.c.objc; path = Account.m; sourceTree = "<group>"; };
		D2C6934C0F669F600009E3A7 /* Answer.h */ = {isa = PBXFileReference; fileEncoding = 4; lastKnownFileType = sourcecode.c.h; path = Answer.h; sourceTree = "<group>"; };
		D2C6934D0F669F600009E3A7 /* Answer.m */ = {isa = PBXFileReference; fileEncoding = 4; lastKnownFileType = sourcecode.c.objc; path = Answer.m; sourceTree = "<group>"; };
		D2F22B330EFBE9F60047CBFA /* Unit Test.app */ = {isa = PBXFileReference; explicitFileType = wrapper.application; includeInIndex = 0; path = "Unit Test.app"; sourceTree = BUILT_PRODUCTS_DIR; };
		D2F22B350EFBE9F60047CBFA /* Unit Test-Info.plist */ = {isa = PBXFileReference; lastKnownFileType = text.plist.xml; path = "Unit Test-Info.plist"; sourceTree = "<group>"; };
		D2F22B3A0EFBEA090047CBFA /* GTMDefines.h */ = {isa = PBXFileReference; fileEncoding = 4; lastKnownFileType = sourcecode.c.h; name = GTMDefines.h; path = GoogleToolkit/GTMDefines.h; sourceTree = "<group>"; };
		D2F22B3B0EFBEA090047CBFA /* GTMIPhoneUnitTestDelegate.h */ = {isa = PBXFileReference; fileEncoding = 4; lastKnownFileType = sourcecode.c.h; name = GTMIPhoneUnitTestDelegate.h; path = GoogleToolkit/GTMIPhoneUnitTestDelegate.h; sourceTree = "<group>"; };
		D2F22B3C0EFBEA090047CBFA /* GTMIPhoneUnitTestDelegate.m */ = {isa = PBXFileReference; fileEncoding = 4; lastKnownFileType = sourcecode.c.objc; name = GTMIPhoneUnitTestDelegate.m; path = GoogleToolkit/GTMIPhoneUnitTestDelegate.m; sourceTree = "<group>"; };
		D2F22B3D0EFBEA090047CBFA /* GTMIPhoneUnitTestMain.m */ = {isa = PBXFileReference; fileEncoding = 4; lastKnownFileType = sourcecode.c.objc; name = GTMIPhoneUnitTestMain.m; path = GoogleToolkit/GTMIPhoneUnitTestMain.m; sourceTree = "<group>"; };
		D2F22B3E0EFBEA090047CBFA /* GTMSenTestCase.h */ = {isa = PBXFileReference; fileEncoding = 4; lastKnownFileType = sourcecode.c.h; name = GTMSenTestCase.h; path = GoogleToolkit/GTMSenTestCase.h; sourceTree = "<group>"; };
		D2F22B3F0EFBEA090047CBFA /* GTMSenTestCase.m */ = {isa = PBXFileReference; fileEncoding = 4; lastKnownFileType = sourcecode.c.objc; name = GTMSenTestCase.m; path = GoogleToolkit/GTMSenTestCase.m; sourceTree = "<group>"; };
		D2F22B830EFBF09C0047CBFA /* QuestionTest.h */ = {isa = PBXFileReference; fileEncoding = 4; lastKnownFileType = sourcecode.c.h; name = QuestionTest.h; path = UnitTests/QuestionTest.h; sourceTree = "<group>"; };
		D2F22B840EFBF09C0047CBFA /* QuestionTest.m */ = {isa = PBXFileReference; fileEncoding = 4; lastKnownFileType = sourcecode.c.objc; name = QuestionTest.m; path = UnitTests/QuestionTest.m; sourceTree = "<group>"; };
		D2F2EF730F6030EB00A8BB57 /* QuestionViewController.h */ = {isa = PBXFileReference; fileEncoding = 4; lastKnownFileType = sourcecode.c.h; path = QuestionViewController.h; sourceTree = "<group>"; };
		D2F2EF740F6030EB00A8BB57 /* QuestionViewController.m */ = {isa = PBXFileReference; fileEncoding = 4; lastKnownFileType = sourcecode.c.objc; path = QuestionViewController.m; sourceTree = "<group>"; };
		D2F2EF990F60384E00A8BB57 /* FreeTextAnswerController.h */ = {isa = PBXFileReference; fileEncoding = 4; lastKnownFileType = sourcecode.c.h; path = FreeTextAnswerController.h; sourceTree = "<group>"; };
		D2F2EF9A0F60384E00A8BB57 /* FreeTextAnswerController.m */ = {isa = PBXFileReference; fileEncoding = 4; lastKnownFileType = sourcecode.c.objc; path = FreeTextAnswerController.m; sourceTree = "<group>"; };
		D2F2EF9C0F60385A00A8BB57 /* PictureAnswerController.h */ = {isa = PBXFileReference; fileEncoding = 4; lastKnownFileType = sourcecode.c.h; path = PictureAnswerController.h; sourceTree = "<group>"; };
		D2F2EF9D0F60385A00A8BB57 /* PictureAnswerController.m */ = {isa = PBXFileReference; fileEncoding = 4; lastKnownFileType = sourcecode.c.objc; path = PictureAnswerController.m; sourceTree = "<group>"; };
		D2F2EFA20F60389100A8BB57 /* FreeTextAnswerView.xib */ = {isa = PBXFileReference; lastKnownFileType = file.xib; path = FreeTextAnswerView.xib; sourceTree = "<group>"; };
		D2F2EFA40F60389D00A8BB57 /* PictureAnswerView.xib */ = {isa = PBXFileReference; lastKnownFileType = file.xib; path = PictureAnswerView.xib; sourceTree = "<group>"; };
		D2F2EFF30F606AB500A8BB57 /* SurveyInfoViewController.h */ = {isa = PBXFileReference; fileEncoding = 4; lastKnownFileType = sourcecode.c.h; path = SurveyInfoViewController.h; sourceTree = "<group>"; };
		D2F2EFF40F606AB500A8BB57 /* SurveyInfoViewController.m */ = {isa = PBXFileReference; fileEncoding = 4; lastKnownFileType = sourcecode.c.objc; path = SurveyInfoViewController.m; sourceTree = "<group>"; };
		D2F2EFF60F606ACD00A8BB57 /* SurveyInfoView.xib */ = {isa = PBXFileReference; lastKnownFileType = file.xib; path = SurveyInfoView.xib; sourceTree = "<group>"; };
		FC21C5030F12B3AC00436E7F /* Survey.h */ = {isa = PBXFileReference; fileEncoding = 4; lastKnownFileType = sourcecode.c.h; path = Survey.h; sourceTree = "<group>"; };
		FC21C5040F12B3AC00436E7F /* Survey.m */ = {isa = PBXFileReference; fileEncoding = 4; lastKnownFileType = sourcecode.c.objc; path = Survey.m; sourceTree = "<group>"; };
		FC9756840F13B2300077926E /* SurveyListViewController.h */ = {isa = PBXFileReference; fileEncoding = 4; lastKnownFileType = sourcecode.c.h; path = SurveyListViewController.h; sourceTree = "<group>"; };
		FC9756850F13B2300077926E /* SurveyListViewController.m */ = {isa = PBXFileReference; fileEncoding = 4; lastKnownFileType = sourcecode.c.objc; path = SurveyListViewController.m; sourceTree = "<group>"; };
		FC9756880F13B4070077926E /* SurveyListView.xib */ = {isa = PBXFileReference; lastKnownFileType = file.xib; path = SurveyListView.xib; sourceTree = "<group>"; };
/* End PBXFileReference section */

/* Begin PBXFrameworksBuildPhase section */
		1D60588F0D05DD3D006BFB54 /* Frameworks */ = {
			isa = PBXFrameworksBuildPhase;
			buildActionMask = 2147483647;
			files = (
				1D60589F0D05DD5A006BFB54 /* Foundation.framework in Frameworks */,
				1DF5F4E00D08C38300B7A737 /* UIKit.framework in Frameworks */,
				288765080DF74369002DB57D /* CoreGraphics.framework in Frameworks */,
			);
			runOnlyForDeploymentPostprocessing = 0;
		};
		D2F22B310EFBE9F60047CBFA /* Frameworks */ = {
			isa = PBXFrameworksBuildPhase;
			buildActionMask = 2147483647;
			files = (
			);
			runOnlyForDeploymentPostprocessing = 0;
		};
/* End PBXFrameworksBuildPhase section */

/* Begin PBXGroup section */
		080E96DDFE201D6D7F000001 /* Classes */ = {
			isa = PBXGroup;
			children = (
				0DD8C8440EF33DB900A20937 /* Models */,
				0D8DC8870EDE35B9007EC072 /* View Controllers */,
				1D3623240D0F684500981E51 /* JoeMetricAppDelegate.h */,
				1D3623250D0F684500981E51 /* JoeMetricAppDelegate.m */,
			);
			path = Classes;
			sourceTree = "<group>";
		};
		0D8DC8870EDE35B9007EC072 /* View Controllers */ = {
			isa = PBXGroup;
			children = (
				54FA56FF0F6E444900939C65 /* Profile View Controllers */,
				D2F2EF680F602F8900A8BB57 /* Answer View Controllers */,
				FC9756830F13B20A0077926E /* Survey View Controllers */,
				0D68A3CD0EDCD37A007CE721 /* WalletViewController.h */,
				0D68A3CE0EDCD37A007CE721 /* WalletViewController.m */,
				0D68A3E80EDCD5CC007CE721 /* MainWindowViewController.h */,
				0D68A3E90EDCD5CC007CE721 /* MainWindowViewController.m */,
			);
			name = "View Controllers";
			sourceTree = "<group>";
		};
		0DD8C8440EF33DB900A20937 /* Models */ = {
			isa = PBXGroup;
			children = (
				548D9B100F6AAE7300629CCE /* RestDelegate.h */,
				D2955DF40F3A36E6002675C9 /* Resource.h */,
				D2955DF50F3A36E6002675C9 /* Resource.m */,
				D2955DF60F3A36E6002675C9 /* Rest.h */,
				D2955DF70F3A36E6002675C9 /* Rest.m */,
				0DD8C8400EF33C3E00A20937 /* Question.h */,
				0DD8C8410EF33C3E00A20937 /* Question.m */,
				D2AD6B1A0EFFF66B00DB13FD /* Account.h */,
				D2AD6B1B0EFFF66B00DB13FD /* Account.m */,
				FC21C5030F12B3AC00436E7F /* Survey.h */,
				FC21C5040F12B3AC00436E7F /* Survey.m */,
				D2C6934C0F669F600009E3A7 /* Answer.h */,
				D2C6934D0F669F600009E3A7 /* Answer.m */,
				548D9B120F6AAEC100629CCE /* ResourceDelegate.h */,
			);
			name = Models;
			sourceTree = "<group>";
		};
		0DF9E1EB0EF2ED1800A522A1 /* Images */ = {
			isa = PBXGroup;
			children = (
				0DF9E2290EF2F4FC00A522A1 /* profile.png */,
				392676550F61A01600A889B8 /* refresh_icon.png */,
				0DF9E22F0EF2F61A00A522A1 /* user.png */,
				0DF9E22A0EF2F4FC00A522A1 /* question.png */,
				0DF9E22B0EF2F4FC00A522A1 /* wallet.png */,
				0DF9E1ED0EF2ED3400A522A1 /* Icon.png */,
			);
			name = Images;
			path = Classes;
			sourceTree = "<group>";
		};
		19C28FACFE9D520D11CA2CBB /* Products */ = {
			isa = PBXGroup;
			children = (
				1D6058910D05DD3D006BFB54 /* JoeMetric.app */,
				D2F22B330EFBE9F60047CBFA /* Unit Test.app */,
			);
			name = Products;
			sourceTree = "<group>";
		};
		29B97314FDCFA39411CA2CEA /* JoeMetric */ = {
			isa = PBXGroup;
			children = (
				D266E0130F3A400200C20691 /* JSON */,
				080E96DDFE201D6D7F000001 /* Classes */,
				29B97315FDCFA39411CA2CEA /* Other Sources */,
				D2F22B860EFBF0A60047CBFA /* Unit Tests */,
				29B97317FDCFA39411CA2CEA /* Resources */,
				29B97323FDCFA39411CA2CEA /* Frameworks */,
				19C28FACFE9D520D11CA2CBB /* Products */,
				D2F22B490EFBEA0D0047CBFA /* Google Toolkit */,
				D2F22B350EFBE9F60047CBFA /* Unit Test-Info.plist */,
				54D2A5620F6C53D800C0C316 /* Settings.bundle */,
			);
			name = JoeMetric;
			sourceTree = "<group>";
		};
		29B97315FDCFA39411CA2CEA /* Other Sources */ = {
			isa = PBXGroup;
			children = (
				28A0AB4B0D9B1048005BE974 /* JoeMetric_Prefix.pch */,
				29B97316FDCFA39411CA2CEA /* main.m */,
			);
			name = "Other Sources";
			sourceTree = "<group>";
		};
		29B97317FDCFA39411CA2CEA /* Resources */ = {
			isa = PBXGroup;
			children = (
				D2F2EF9F0F60386600A8BB57 /* Answer Views */,
				0DF9E1EB0EF2ED1800A522A1 /* Images */,
				28AD73870D9D96C1002E5188 /* MainWindow.xib */,
				8D1107310486CEB800E47090 /* Info.plist */,
				548D9BC10F6AB49900629CCE /* CredentialsView.xib */,
				0D68A3C80EDCD2DB007CE721 /* QuestionListView.xib */,
				0D68A3D00EDCD38E007CE721 /* WalletView.xib */,
				0D68A3D60EDCD3EF007CE721 /* ProfileView.xib */,
				0DF9E3140EF3065200A522A1 /* QuestionView.xib */,
				0DD8C95D0EF487C900A20937 /* SurveyQuestionView.xib */,
				FC9756880F13B4070077926E /* SurveyListView.xib */,
				D2F2EFF60F606ACD00A8BB57 /* SurveyInfoView.xib */,
				547608D00F6E5B6B007CCC58 /* NewAccountView.xib */,
				5420E3120F6E7F5B00DC2BDE /* LabelledTableViewCell.xib */,
			);
			name = Resources;
			sourceTree = "<group>";
		};
		29B97323FDCFA39411CA2CEA /* Frameworks */ = {
			isa = PBXGroup;
			children = (
				1DF5F4DF0D08C38300B7A737 /* UIKit.framework */,
				1D30AB110D05D00D00671497 /* Foundation.framework */,
				288765070DF74369002DB57D /* CoreGraphics.framework */,
			);
			name = Frameworks;
			sourceTree = "<group>";
		};
		54FA56FF0F6E444900939C65 /* Profile View Controllers */ = {
			isa = PBXGroup;
			children = (
				0D68A3D30EDCD3D6007CE721 /* ProfileViewController.h */,
				0D68A3D40EDCD3D6007CE721 /* ProfileViewController.m */,
				548D9BC40F6AB5D100629CCE /* CredentialsViewController.h */,
				548D9BC50F6AB5D100629CCE /* CredentialsViewController.m */,
				54FA56F90F6E439200939C65 /* NoCredentialsProfileDataSource.h */,
				54FA56FA0F6E439200939C65 /* NoCredentialsProfileDataSource.m */,
				54FA56FC0F6E43F100939C65 /* ValidCredentialsProfileDataSource.h */,
				54FA56FD0F6E43F100939C65 /* ValidCredentialsProfileDataSource.m */,
				547608CC0F6E5B37007CCC58 /* NewAccountViewController.h */,
				547608CD0F6E5B37007CCC58 /* NewAccountViewController.m */,
				5420E3150F6E82E800DC2BDE /* LabelledTableViewCell.h */,
				5420E3160F6E82E800DC2BDE /* LabelledTableViewCell.m */,
			);
			name = "Profile View Controllers";
			sourceTree = "<group>";
		};
		D266E0130F3A400200C20691 /* JSON */ = {
			isa = PBXGroup;
			children = (
				D266E0140F3A400200C20691 /* JSON.h */,
				D266E0150F3A400200C20691 /* NSObject+SBJSON.h */,
				D266E0160F3A400200C20691 /* NSObject+SBJSON.m */,
				D266E0170F3A400200C20691 /* NSString+SBJSON.h */,
				D266E0180F3A400200C20691 /* NSString+SBJSON.m */,
				D266E0190F3A400200C20691 /* SBJSON.h */,
				D266E01A0F3A400200C20691 /* SBJSON.m */,
			);
			path = JSON;
			sourceTree = "<group>";
		};
		D2F22B490EFBEA0D0047CBFA /* Google Toolkit */ = {
			isa = PBXGroup;
			children = (
				D2F22B3A0EFBEA090047CBFA /* GTMDefines.h */,
				D2F22B3B0EFBEA090047CBFA /* GTMIPhoneUnitTestDelegate.h */,
				D2F22B3C0EFBEA090047CBFA /* GTMIPhoneUnitTestDelegate.m */,
				D2F22B3D0EFBEA090047CBFA /* GTMIPhoneUnitTestMain.m */,
				D2F22B3E0EFBEA090047CBFA /* GTMSenTestCase.h */,
				D2F22B3F0EFBEA090047CBFA /* GTMSenTestCase.m */,
			);
			name = "Google Toolkit";
			sourceTree = "<group>";
		};
		D2F22B860EFBF0A60047CBFA /* Unit Tests */ = {
			isa = PBXGroup;
			children = (
				D2955DEC0F3A18DE002675C9 /* SurveyTest.h */,
				D2955DEA0F3A18CA002675C9 /* SurveyTest.m */,
				D2AD6B160EFFF62900DB13FD /* AccountTest.m */,
				D2F22B830EFBF09C0047CBFA /* QuestionTest.h */,
				D2F22B840EFBF09C0047CBFA /* QuestionTest.m */,
			);
			name = "Unit Tests";
			sourceTree = "<group>";
		};
		D2F2EF680F602F8900A8BB57 /* Answer View Controllers */ = {
			isa = PBXGroup;
			children = (
				D2F2EF990F60384E00A8BB57 /* FreeTextAnswerController.h */,
				D2F2EF9A0F60384E00A8BB57 /* FreeTextAnswerController.m */,
				D2F2EF9C0F60385A00A8BB57 /* PictureAnswerController.h */,
				D2F2EF9D0F60385A00A8BB57 /* PictureAnswerController.m */,
			);
			name = "Answer View Controllers";
			sourceTree = "<group>";
		};
		D2F2EF9F0F60386600A8BB57 /* Answer Views */ = {
			isa = PBXGroup;
			children = (
				D2F2EFA20F60389100A8BB57 /* FreeTextAnswerView.xib */,
				D2F2EFA40F60389D00A8BB57 /* PictureAnswerView.xib */,
			);
			name = "Answer Views";
			sourceTree = "<group>";
		};
		FC9756830F13B20A0077926E /* Survey View Controllers */ = {
			isa = PBXGroup;
			children = (
				0D68A3C50EDCD2B6007CE721 /* QuestionListViewController.h */,
				0D68A3C60EDCD2B6007CE721 /* QuestionListViewController.m */,
				FC9756840F13B2300077926E /* SurveyListViewController.h */,
				FC9756850F13B2300077926E /* SurveyListViewController.m */,
				D2F2EF730F6030EB00A8BB57 /* QuestionViewController.h */,
				D2F2EF740F6030EB00A8BB57 /* QuestionViewController.m */,
				D2F2EFF30F606AB500A8BB57 /* SurveyInfoViewController.h */,
				D2F2EFF40F606AB500A8BB57 /* SurveyInfoViewController.m */,
			);
			name = "Survey View Controllers";
			sourceTree = "<group>";
		};
/* End PBXGroup section */

/* Begin PBXNativeTarget section */
		1D6058900D05DD3D006BFB54 /* JoeMetric */ = {
			isa = PBXNativeTarget;
			buildConfigurationList = 1D6058960D05DD3E006BFB54 /* Build configuration list for PBXNativeTarget "JoeMetric" */;
			buildPhases = (
				1D60588D0D05DD3D006BFB54 /* Resources */,
				1D60588E0D05DD3D006BFB54 /* Sources */,
				1D60588F0D05DD3D006BFB54 /* Frameworks */,
			);
			buildRules = (
			);
			dependencies = (
			);
			name = JoeMetric;
			productName = JoeMetric;
			productReference = 1D6058910D05DD3D006BFB54 /* JoeMetric.app */;
			productType = "com.apple.product-type.application";
		};
		D2F22B320EFBE9F60047CBFA /* Unit Test */ = {
			isa = PBXNativeTarget;
			buildConfigurationList = D2F22B380EFBE9F70047CBFA /* Build configuration list for PBXNativeTarget "Unit Test" */;
			buildPhases = (
				D2F22B2F0EFBE9F60047CBFA /* Resources */,
				D2F22B300EFBE9F60047CBFA /* Sources */,
				D2F22B310EFBE9F60047CBFA /* Frameworks */,
				D2F22B570EFBEA270047CBFA /* ShellScript */,
			);
			buildRules = (
			);
			dependencies = (
			);
			name = "Unit Test";
			productName = "Unit Test";
			productReference = D2F22B330EFBE9F60047CBFA /* Unit Test.app */;
			productType = "com.apple.product-type.application";
		};
/* End PBXNativeTarget section */

/* Begin PBXProject section */
		29B97313FDCFA39411CA2CEA /* Project object */ = {
			isa = PBXProject;
			buildConfigurationList = C01FCF4E08A954540054247B /* Build configuration list for PBXProject "JoeMetric" */;
			compatibilityVersion = "Xcode 3.1";
			hasScannedForEncodings = 1;
			mainGroup = 29B97314FDCFA39411CA2CEA /* JoeMetric */;
			projectDirPath = "";
			projectRoot = "";
			targets = (
				1D6058900D05DD3D006BFB54 /* JoeMetric */,
				D2F22B320EFBE9F60047CBFA /* Unit Test */,
			);
		};
/* End PBXProject section */

/* Begin PBXResourcesBuildPhase section */
		1D60588D0D05DD3D006BFB54 /* Resources */ = {
			isa = PBXResourcesBuildPhase;
			buildActionMask = 2147483647;
			files = (
				28AD73880D9D96C1002E5188 /* MainWindow.xib in Resources */,
				0D68A3C90EDCD2DB007CE721 /* QuestionListView.xib in Resources */,
				0D68A3D10EDCD38E007CE721 /* WalletView.xib in Resources */,
				0D68A3D70EDCD3EF007CE721 /* ProfileView.xib in Resources */,
				0DF9E1F00EF2ED3400A522A1 /* Icon.png in Resources */,
				0DF9E22C0EF2F4FC00A522A1 /* profile.png in Resources */,
				0DF9E22D0EF2F4FC00A522A1 /* question.png in Resources */,
				0DF9E22E0EF2F4FC00A522A1 /* wallet.png in Resources */,
				0DF9E2300EF2F61A00A522A1 /* user.png in Resources */,
				0DF9E3150EF3065200A522A1 /* QuestionView.xib in Resources */,
				0DD8C95E0EF487C900A20937 /* SurveyQuestionView.xib in Resources */,
				FC9756890F13B4070077926E /* SurveyListView.xib in Resources */,
				D2F2EFA30F60389100A8BB57 /* FreeTextAnswerView.xib in Resources */,
				D2F2EFA50F60389D00A8BB57 /* PictureAnswerView.xib in Resources */,
				D2F2EFF70F606ACD00A8BB57 /* SurveyInfoView.xib in Resources */,
				392676560F61A01600A889B8 /* refresh_icon.png in Resources */,
				548D9BC20F6AB49900629CCE /* CredentialsView.xib in Resources */,
				54D2A5630F6C53D800C0C316 /* Settings.bundle in Resources */,
				547608D10F6E5B6B007CCC58 /* NewAccountView.xib in Resources */,
				5420E3130F6E7F5B00DC2BDE /* LabelledTableViewCell.xib in Resources */,
			);
			runOnlyForDeploymentPostprocessing = 0;
		};
		D2F22B2F0EFBE9F60047CBFA /* Resources */ = {
			isa = PBXResourcesBuildPhase;
			buildActionMask = 2147483647;
			files = (
				FC97568A0F13B4070077926E /* SurveyListView.xib in Resources */,
			);
			runOnlyForDeploymentPostprocessing = 0;
		};
/* End PBXResourcesBuildPhase section */

/* Begin PBXShellScriptBuildPhase section */
		D2F22B570EFBEA270047CBFA /* ShellScript */ = {
			isa = PBXShellScriptBuildPhase;
			buildActionMask = 2147483647;
			files = (
			);
			inputPaths = (
			);
			outputPaths = (
			);
			runOnlyForDeploymentPostprocessing = 0;
			shellPath = /bin/sh;
			shellScript = ./GoogleToolkit/RunIPhoneUnitTest.sh;
		};
/* End PBXShellScriptBuildPhase section */

/* Begin PBXSourcesBuildPhase section */
		1D60588E0D05DD3D006BFB54 /* Sources */ = {
			isa = PBXSourcesBuildPhase;
			buildActionMask = 2147483647;
			files = (
				1D60589B0D05DD56006BFB54 /* main.m in Sources */,
				1D3623260D0F684500981E51 /* JoeMetricAppDelegate.m in Sources */,
				0D68A3C70EDCD2B6007CE721 /* QuestionListViewController.m in Sources */,
				0D68A3CF0EDCD37A007CE721 /* WalletViewController.m in Sources */,
				0D68A3D50EDCD3D6007CE721 /* ProfileViewController.m in Sources */,
				0D68A3EA0EDCD5CC007CE721 /* MainWindowViewController.m in Sources */,
				0DD8C8420EF33C3E00A20937 /* Question.m in Sources */,
				D2AD6B1D0EFFF66B00DB13FD /* Account.m in Sources */,
				FC21C5050F12B3AC00436E7F /* Survey.m in Sources */,
				FC9756860F13B2300077926E /* SurveyListViewController.m in Sources */,
				D2955DFA0F3A36E6002675C9 /* Resource.m in Sources */,
				D2955DFB0F3A36E6002675C9 /* Rest.m in Sources */,
				D266E01B0F3A400200C20691 /* NSObject+SBJSON.m in Sources */,
				D266E01C0F3A400200C20691 /* NSString+SBJSON.m in Sources */,
				D266E01D0F3A400200C20691 /* SBJSON.m in Sources */,
				D2F2EF750F6030EB00A8BB57 /* QuestionViewController.m in Sources */,
				D2F2EF9B0F60384E00A8BB57 /* FreeTextAnswerController.m in Sources */,
				D2F2EF9E0F60385A00A8BB57 /* PictureAnswerController.m in Sources */,
				D2F2EFF50F606AB500A8BB57 /* SurveyInfoViewController.m in Sources */,
				D2C6934E0F669F600009E3A7 /* Answer.m in Sources */,
				548D9BC60F6AB5D100629CCE /* CredentialsViewController.m in Sources */,
				54FA56FB0F6E439200939C65 /* NoCredentialsProfileDataSource.m in Sources */,
				54FA56FE0F6E43F100939C65 /* ValidCredentialsProfileDataSource.m in Sources */,
				547608CE0F6E5B37007CCC58 /* NewAccountViewController.m in Sources */,
				5420E3170F6E82E800DC2BDE /* LabelledTableViewCell.m in Sources */,
			);
			runOnlyForDeploymentPostprocessing = 0;
		};
		D2F22B300EFBE9F60047CBFA /* Sources */ = {
			isa = PBXSourcesBuildPhase;
			buildActionMask = 2147483647;
			files = (
				D2955DEB0F3A18CA002675C9 /* SurveyTest.m in Sources */,
				D255487C0F13C2950098100B /* Survey.m in Sources */,
				D2F22BB20EFBF3C30047CBFA /* Question.m in Sources */,
				D2F22B400EFBEA090047CBFA /* GTMIPhoneUnitTestDelegate.m in Sources */,
				D2F22B410EFBEA090047CBFA /* GTMIPhoneUnitTestMain.m in Sources */,
				D2F22B420EFBEA090047CBFA /* GTMSenTestCase.m in Sources */,
				D2F22B850EFBF09C0047CBFA /* QuestionTest.m in Sources */,
				D2AD6B170EFFF62900DB13FD /* AccountTest.m in Sources */,
				D2AD6B1C0EFFF66B00DB13FD /* Account.m in Sources */,
				D2955DF80F3A36E6002675C9 /* Resource.m in Sources */,
				D2955DF90F3A36E6002675C9 /* Rest.m in Sources */,
				D266E01E0F3A400200C20691 /* NSObject+SBJSON.m in Sources */,
				D266E01F0F3A400200C20691 /* NSString+SBJSON.m in Sources */,
				D266E0200F3A400200C20691 /* SBJSON.m in Sources */,
				D2C6934F0F669F600009E3A7 /* Answer.m in Sources */,
			);
			runOnlyForDeploymentPostprocessing = 0;
		};
/* End PBXSourcesBuildPhase section */

/* Begin XCBuildConfiguration section */
		1D6058940D05DD3E006BFB54 /* Debug */ = {
			isa = XCBuildConfiguration;
			buildSettings = {
				ALWAYS_SEARCH_USER_PATHS = NO;
				COPY_PHASE_STRIP = NO;
				FRAMEWORK_SEARCH_PATHS = (
					"$(inherited)",
					"\"$(SRCROOT)/../../../../Library/Frameworks\"",
					"\"$(SRCROOT)\"",
				);
				GCC_DYNAMIC_NO_PIC = NO;
				GCC_OPTIMIZATION_LEVEL = 0;
				GCC_PRECOMPILE_PREFIX_HEADER = YES;
				GCC_PREFIX_HEADER = JoeMetric_Prefix.pch;
				INFOPLIST_FILE = Info.plist;
				PRODUCT_NAME = JoeMetric;
			};
			name = Debug;
		};
		1D6058950D05DD3E006BFB54 /* Release */ = {
			isa = XCBuildConfiguration;
			buildSettings = {
				ALWAYS_SEARCH_USER_PATHS = NO;
				COPY_PHASE_STRIP = YES;
				FRAMEWORK_SEARCH_PATHS = (
					"$(inherited)",
					"\"$(SRCROOT)/../../../../Library/Frameworks\"",
					"\"$(SRCROOT)\"",
				);
				GCC_PRECOMPILE_PREFIX_HEADER = YES;
				GCC_PREFIX_HEADER = JoeMetric_Prefix.pch;
				INFOPLIST_FILE = Info.plist;
				PRODUCT_NAME = JoeMetric;
			};
			name = Release;
		};
		C01FCF4F08A954540054247B /* Debug */ = {
			isa = XCBuildConfiguration;
			buildSettings = {
				ARCHS = "$(ARCHS_STANDARD_32_BIT)";
				"CODE_SIGN_IDENTITY[sdk=iphoneos*]" = "iPhone Developer";
				GCC_C_LANGUAGE_STANDARD = c99;
				GCC_WARN_ABOUT_RETURN_TYPE = YES;
				GCC_WARN_UNUSED_VARIABLE = YES;
				ONLY_ACTIVE_ARCH = YES;
				PREBINDING = NO;
				SDKROOT = iphoneos2.1;
			};
			name = Debug;
		};
		C01FCF5008A954540054247B /* Release */ = {
			isa = XCBuildConfiguration;
			buildSettings = {
				ARCHS = "$(ARCHS_STANDARD_32_BIT)";
				"CODE_SIGN_IDENTITY[sdk=iphoneos*]" = "iPhone Developer";
				GCC_C_LANGUAGE_STANDARD = c99;
				GCC_WARN_ABOUT_RETURN_TYPE = YES;
				GCC_WARN_UNUSED_VARIABLE = YES;
				PREBINDING = NO;
				SDKROOT = iphoneos2.1;
			};
			name = Release;
		};
		D2F22B360EFBE9F70047CBFA /* Debug */ = {
			isa = XCBuildConfiguration;
			buildSettings = {
				ALWAYS_SEARCH_USER_PATHS = NO;
				CODE_SIGN_IDENTITY = "iPhone Developer";
				COPY_PHASE_STRIP = NO;
				FRAMEWORK_SEARCH_PATHS = (
					"$(inherited)",
					"\"$(SRCROOT)/../../../../Library/Frameworks\"",
					"\"$(SRCROOT)\"",
				);
				GCC_DYNAMIC_NO_PIC = NO;
				GCC_GENERATE_TEST_COVERAGE_FILES = YES;
				GCC_INSTRUMENT_PROGRAM_FLOW_ARCS = YES;
				GCC_OPTIMIZATION_LEVEL = 0;
				GCC_PRECOMPILE_PREFIX_HEADER = YES;
				GCC_PREFIX_HEADER = "$(SYSTEM_LIBRARY_DIR)/Frameworks/UIKit.framework/Headers/UIKit.h";
				INFOPLIST_FILE = "Unit Test-Info.plist";
				INSTALL_PATH = "$(HOME)/Applications";
				OTHER_LDFLAGS = (
					"-framework",
					Foundation,
					"-framework",
					UIKit,
					"-lgcov",
				);
				PREBINDING = NO;
				PRODUCT_NAME = "Unit Test";
				SDKROOT = iphoneos2.1;
			};
			name = Debug;
		};
		D2F22B370EFBE9F70047CBFA /* Release */ = {
			isa = XCBuildConfiguration;
			buildSettings = {
				ALWAYS_SEARCH_USER_PATHS = NO;
				CODE_SIGN_IDENTITY = "iPhone Developer";
				COPY_PHASE_STRIP = YES;
				DEBUG_INFORMATION_FORMAT = "dwarf-with-dsym";
				FRAMEWORK_SEARCH_PATHS = (
					"$(inherited)",
					"\"$(SRCROOT)/../../../../Library/Frameworks\"",
					"\"$(SRCROOT)\"",
				);
				GCC_ENABLE_FIX_AND_CONTINUE = NO;
				GCC_GENERATE_TEST_COVERAGE_FILES = YES;
				GCC_INSTRUMENT_PROGRAM_FLOW_ARCS = YES;
				GCC_PRECOMPILE_PREFIX_HEADER = YES;
				GCC_PREFIX_HEADER = "$(SYSTEM_LIBRARY_DIR)/Frameworks/UIKit.framework/Headers/UIKit.h";
				INFOPLIST_FILE = "Unit Test-Info.plist";
				INSTALL_PATH = "$(HOME)/Applications";
				OTHER_LDFLAGS = (
					"-framework",
					Foundation,
					"-framework",
					UIKit,
					"-lgcov",
				);
				PREBINDING = NO;
				PRODUCT_NAME = "Unit Test";
				SDKROOT = iphoneos2.1;
				ZERO_LINK = NO;
			};
			name = Release;
		};
/* End XCBuildConfiguration section */

/* Begin XCConfigurationList section */
		1D6058960D05DD3E006BFB54 /* Build configuration list for PBXNativeTarget "JoeMetric" */ = {
			isa = XCConfigurationList;
			buildConfigurations = (
				1D6058940D05DD3E006BFB54 /* Debug */,
				1D6058950D05DD3E006BFB54 /* Release */,
			);
			defaultConfigurationIsVisible = 0;
			defaultConfigurationName = Release;
		};
		C01FCF4E08A954540054247B /* Build configuration list for PBXProject "JoeMetric" */ = {
			isa = XCConfigurationList;
			buildConfigurations = (
				C01FCF4F08A954540054247B /* Debug */,
				C01FCF5008A954540054247B /* Release */,
			);
			defaultConfigurationIsVisible = 0;
			defaultConfigurationName = Release;
		};
		D2F22B380EFBE9F70047CBFA /* Build configuration list for PBXNativeTarget "Unit Test" */ = {
			isa = XCConfigurationList;
			buildConfigurations = (
				D2F22B360EFBE9F70047CBFA /* Debug */,
				D2F22B370EFBE9F70047CBFA /* Release */,
			);
			defaultConfigurationIsVisible = 0;
			defaultConfigurationName = Release;
		};
/* End XCConfigurationList section */
	};
	rootObject = 29B97313FDCFA39411CA2CEA /* Project object */;
}
