// !$*UTF8*$!
{
	archiveVersion = 1;
	classes = {
	};
	objectVersion = 45;
	objects = {

/* Begin PBXBuildFile section */
		0D68A3C70EDCD2B6007CE721 /* QuestionListViewController.m in Sources */ = {isa = PBXBuildFile; fileRef = 0D68A3C60EDCD2B6007CE721 /* QuestionListViewController.m */; };
		0D68A3C90EDCD2DB007CE721 /* QuestionListView.xib in Resources */ = {isa = PBXBuildFile; fileRef = 0D68A3C80EDCD2DB007CE721 /* QuestionListView.xib */; };
		0D68A3CF0EDCD37A007CE721 /* WalletViewController.m in Sources */ = {isa = PBXBuildFile; fileRef = 0D68A3CE0EDCD37A007CE721 /* WalletViewController.m */; };
		0D68A3D10EDCD38E007CE721 /* WalletView.xib in Resources */ = {isa = PBXBuildFile; fileRef = 0D68A3D00EDCD38E007CE721 /* WalletView.xib */; };
		0D68A3D50EDCD3D6007CE721 /* ProfileViewController.m in Sources */ = {isa = PBXBuildFile; fileRef = 0D68A3D40EDCD3D6007CE721 /* ProfileViewController.m */; };
		0D68A3D70EDCD3EF007CE721 /* ProfileView.xib in Resources */ = {isa = PBXBuildFile; fileRef = 0D68A3D60EDCD3EF007CE721 /* ProfileView.xib */; };
		0D68A3EA0EDCD5CC007CE721 /* MainWindowViewController.m in Sources */ = {isa = PBXBuildFile; fileRef = 0D68A3E90EDCD5CC007CE721 /* MainWindowViewController.m */; };
		0DD8C8420EF33C3E00A20937 /* Question.m in Sources */ = {isa = PBXBuildFile; fileRef = 0DD8C8410EF33C3E00A20937 /* Question.m */; };
		0DD8C95E0EF487C900A20937 /* SurveyQuestionView.xib in Resources */ = {isa = PBXBuildFile; fileRef = 0DD8C95D0EF487C900A20937 /* SurveyQuestionView.xib */; };
		0DF9E1F00EF2ED3400A522A1 /* Icon.png in Resources */ = {isa = PBXBuildFile; fileRef = 0DF9E1ED0EF2ED3400A522A1 /* Icon.png */; };
		0DF9E22C0EF2F4FC00A522A1 /* profile.png in Resources */ = {isa = PBXBuildFile; fileRef = 0DF9E2290EF2F4FC00A522A1 /* profile.png */; };
		0DF9E22D0EF2F4FC00A522A1 /* question.png in Resources */ = {isa = PBXBuildFile; fileRef = 0DF9E22A0EF2F4FC00A522A1 /* question.png */; };
		0DF9E22E0EF2F4FC00A522A1 /* wallet.png in Resources */ = {isa = PBXBuildFile; fileRef = 0DF9E22B0EF2F4FC00A522A1 /* wallet.png */; };
		0DF9E2300EF2F61A00A522A1 /* user.png in Resources */ = {isa = PBXBuildFile; fileRef = 0DF9E22F0EF2F61A00A522A1 /* user.png */; };
		0DF9E3150EF3065200A522A1 /* QuestionView.xib in Resources */ = {isa = PBXBuildFile; fileRef = 0DF9E3140EF3065200A522A1 /* QuestionView.xib */; };
		1D3623260D0F684500981E51 /* JoeMetricAppDelegate.m in Sources */ = {isa = PBXBuildFile; fileRef = 1D3623250D0F684500981E51 /* JoeMetricAppDelegate.m */; };
		1D60589B0D05DD56006BFB54 /* main.m in Sources */ = {isa = PBXBuildFile; fileRef = 29B97316FDCFA39411CA2CEA /* main.m */; };
		1D60589F0D05DD5A006BFB54 /* Foundation.framework in Frameworks */ = {isa = PBXBuildFile; fileRef = 1D30AB110D05D00D00671497 /* Foundation.framework */; };
		1DF5F4E00D08C38300B7A737 /* UIKit.framework in Frameworks */ = {isa = PBXBuildFile; fileRef = 1DF5F4DF0D08C38300B7A737 /* UIKit.framework */; };
		288765080DF74369002DB57D /* CoreGraphics.framework in Frameworks */ = {isa = PBXBuildFile; fileRef = 288765070DF74369002DB57D /* CoreGraphics.framework */; };
		28AD73880D9D96C1002E5188 /* MainWindow.xib in Resources */ = {isa = PBXBuildFile; fileRef = 28AD73870D9D96C1002E5188 /* MainWindow.xib */; };
		392676560F61A01600A889B8 /* refresh_icon.png in Resources */ = {isa = PBXBuildFile; fileRef = 392676550F61A01600A889B8 /* refresh_icon.png */; };
		541654E30F864AC700B7CCF2 /* green_lozenge.png in Resources */ = {isa = PBXBuildFile; fileRef = 541654E00F864AC700B7CCF2 /* green_lozenge.png */; };
		541654E40F864AC700B7CCF2 /* red_lozenge.png in Resources */ = {isa = PBXBuildFile; fileRef = 541654E10F864AC700B7CCF2 /* red_lozenge.png */; };
		541654E80F864BFE00B7CCF2 /* wallet_header.png in Resources */ = {isa = PBXBuildFile; fileRef = 541654E70F864BFE00B7CCF2 /* wallet_header.png */; };
		5420E3130F6E7F5B00DC2BDE /* LabelledTableViewCell.xib in Resources */ = {isa = PBXBuildFile; fileRef = 5420E3120F6E7F5B00DC2BDE /* LabelledTableViewCell.xib */; };
		5420E3170F6E82E800DC2BDE /* LabelledTableViewCell.m in Sources */ = {isa = PBXBuildFile; fileRef = 5420E3160F6E82E800DC2BDE /* LabelledTableViewCell.m */; };
		547608CE0F6E5B37007CCC58 /* NewAccountViewController.m in Sources */ = {isa = PBXBuildFile; fileRef = 547608CD0F6E5B37007CCC58 /* NewAccountViewController.m */; };
		547608D10F6E5B6B007CCC58 /* NewAccountView.xib in Resources */ = {isa = PBXBuildFile; fileRef = 547608D00F6E5B6B007CCC58 /* NewAccountView.xib */; };
		5488C43C0F8241DE00B29C76 /* WalletViewTableCell.xib in Resources */ = {isa = PBXBuildFile; fileRef = 5488C43B0F8241DE00B29C76 /* WalletViewTableCell.xib */; };
		5488C4410F8243C500B29C76 /* WalletViewTableCell.m in Sources */ = {isa = PBXBuildFile; fileRef = 5488C4400F8243C500B29C76 /* WalletViewTableCell.m */; };
		548D9BC20F6AB49900629CCE /* CredentialsView.xib in Resources */ = {isa = PBXBuildFile; fileRef = 548D9BC10F6AB49900629CCE /* CredentialsView.xib */; };
		548D9BC60F6AB5D100629CCE /* CredentialsViewController.m in Sources */ = {isa = PBXBuildFile; fileRef = 548D9BC50F6AB5D100629CCE /* CredentialsViewController.m */; };
		54A630360F6EA99B0038382D /* SegmentedTableViewCell.m in Sources */ = {isa = PBXBuildFile; fileRef = 54A630350F6EA99B0038382D /* SegmentedTableViewCell.m */; };
		54A630380F6EAA6D0038382D /* SegmentedTableViewCell.xib in Resources */ = {isa = PBXBuildFile; fileRef = 54A630370F6EAA6D0038382D /* SegmentedTableViewCell.xib */; };
		54A6308B0F6EB2240038382D /* DatePickerViewController.m in Sources */ = {isa = PBXBuildFile; fileRef = 54A6308A0F6EB2240038382D /* DatePickerViewController.m */; };
		54A630900F6EB2D20038382D /* DatePickerView.xib in Resources */ = {isa = PBXBuildFile; fileRef = 54A6308F0F6EB2D20038382D /* DatePickerView.xib */; };
		54D2A5630F6C53D800C0C316 /* Settings.bundle in Resources */ = {isa = PBXBuildFile; fileRef = 54D2A5620F6C53D800C0C316 /* Settings.bundle */; };
		54F817C70F8E339100EC1909 /* surveylist_header.png in Resources */ = {isa = PBXBuildFile; fileRef = 54F817C60F8E339100EC1909 /* surveylist_header.png */; };
		54F817E30F8E347400EC1909 /* SurveyListViewTableCell.xib in Resources */ = {isa = PBXBuildFile; fileRef = 54F817E20F8E347400EC1909 /* SurveyListViewTableCell.xib */; };
		54F817E80F8E64FE00EC1909 /* SurveyListViewTableCell.m in Sources */ = {isa = PBXBuildFile; fileRef = 54F817E70F8E64FE00EC1909 /* SurveyListViewTableCell.m */; };
		54FA56FB0F6E439200939C65 /* NoCredentialsProfileDataSource.m in Sources */ = {isa = PBXBuildFile; fileRef = 54FA56FA0F6E439200939C65 /* NoCredentialsProfileDataSource.m */; };
		54FA56FE0F6E43F100939C65 /* ValidCredentialsProfileDataSource.m in Sources */ = {isa = PBXBuildFile; fileRef = 54FA56FD0F6E43F100939C65 /* ValidCredentialsProfileDataSource.m */; };
		D255487C0F13C2950098100B /* Survey.m in Sources */ = {isa = PBXBuildFile; fileRef = FC21C5040F12B3AC00436E7F /* Survey.m */; };
		D266E01B0F3A400200C20691 /* NSObject+SBJSON.m in Sources */ = {isa = PBXBuildFile; fileRef = D266E0160F3A400200C20691 /* NSObject+SBJSON.m */; };
		D266E01C0F3A400200C20691 /* NSString+SBJSON.m in Sources */ = {isa = PBXBuildFile; fileRef = D266E0180F3A400200C20691 /* NSString+SBJSON.m */; };
		D266E01D0F3A400200C20691 /* SBJSON.m in Sources */ = {isa = PBXBuildFile; fileRef = D266E01A0F3A400200C20691 /* SBJSON.m */; };
		D266E01E0F3A400200C20691 /* NSObject+SBJSON.m in Sources */ = {isa = PBXBuildFile; fileRef = D266E0160F3A400200C20691 /* NSObject+SBJSON.m */; };
		D266E01F0F3A400200C20691 /* NSString+SBJSON.m in Sources */ = {isa = PBXBuildFile; fileRef = D266E0180F3A400200C20691 /* NSString+SBJSON.m */; };
		D266E0200F3A400200C20691 /* SBJSON.m in Sources */ = {isa = PBXBuildFile; fileRef = D266E01A0F3A400200C20691 /* SBJSON.m */; };
		D2955DF90F3A36E6002675C9 /* Rest.m in Sources */ = {isa = PBXBuildFile; fileRef = D2955DF70F3A36E6002675C9 /* Rest.m */; };
		D2955DFB0F3A36E6002675C9 /* Rest.m in Sources */ = {isa = PBXBuildFile; fileRef = D2955DF70F3A36E6002675C9 /* Rest.m */; };
		D2A2AC5D0F8CE91C003973C8 /* AnswerManager.m in Sources */ = {isa = PBXBuildFile; fileRef = D2A2AC5C0F8CE91C003973C8 /* AnswerManager.m */; };
		D2A2AC5E0F8CE91C003973C8 /* AnswerManager.m in Sources */ = {isa = PBXBuildFile; fileRef = D2A2AC5C0F8CE91C003973C8 /* AnswerManager.m */; };
		D2A2AE3D0F8D2689003973C8 /* PictureUploader.m in Sources */ = {isa = PBXBuildFile; fileRef = D2A2AE3C0F8D2689003973C8 /* PictureUploader.m */; };
		D2A2AE3E0F8D2689003973C8 /* PictureUploader.m in Sources */ = {isa = PBXBuildFile; fileRef = D2A2AE3C0F8D2689003973C8 /* PictureUploader.m */; };
		D2A946720F7A75C000E6D9B6 /* SurveyManager.m in Sources */ = {isa = PBXBuildFile; fileRef = D2A946710F7A75C000E6D9B6 /* SurveyManager.m */; };
		D2A946730F7A75C000E6D9B6 /* SurveyManager.m in Sources */ = {isa = PBXBuildFile; fileRef = D2A946710F7A75C000E6D9B6 /* SurveyManager.m */; };
		D2AD6B1C0EFFF66B00DB13FD /* Account.m in Sources */ = {isa = PBXBuildFile; fileRef = D2AD6B1B0EFFF66B00DB13FD /* Account.m */; };
		D2AD6B1D0EFFF66B00DB13FD /* Account.m in Sources */ = {isa = PBXBuildFile; fileRef = D2AD6B1B0EFFF66B00DB13FD /* Account.m */; };
		D2C6934E0F669F600009E3A7 /* Answer.m in Sources */ = {isa = PBXBuildFile; fileRef = D2C6934D0F669F600009E3A7 /* Answer.m */; };
		D2C6934F0F669F600009E3A7 /* Answer.m in Sources */ = {isa = PBXBuildFile; fileRef = D2C6934D0F669F600009E3A7 /* Answer.m */; };
		D2F22B400EFBEA090047CBFA /* GTMIPhoneUnitTestDelegate.m in Sources */ = {isa = PBXBuildFile; fileRef = D2F22B3C0EFBEA090047CBFA /* GTMIPhoneUnitTestDelegate.m */; };
		D2F22B410EFBEA090047CBFA /* GTMIPhoneUnitTestMain.m in Sources */ = {isa = PBXBuildFile; fileRef = D2F22B3D0EFBEA090047CBFA /* GTMIPhoneUnitTestMain.m */; };
		D2F22B420EFBEA090047CBFA /* GTMSenTestCase.m in Sources */ = {isa = PBXBuildFile; fileRef = D2F22B3F0EFBEA090047CBFA /* GTMSenTestCase.m */; };
		D2F22BB20EFBF3C30047CBFA /* Question.m in Sources */ = {isa = PBXBuildFile; fileRef = 0DD8C8410EF33C3E00A20937 /* Question.m */; };
		D2F2EF750F6030EB00A8BB57 /* QuestionViewController.m in Sources */ = {isa = PBXBuildFile; fileRef = D2F2EF740F6030EB00A8BB57 /* QuestionViewController.m */; };
		D2F2EF9B0F60384E00A8BB57 /* FreeTextAnswerController.m in Sources */ = {isa = PBXBuildFile; fileRef = D2F2EF9A0F60384E00A8BB57 /* FreeTextAnswerController.m */; };
		D2F2EF9E0F60385A00A8BB57 /* PictureAnswerController.m in Sources */ = {isa = PBXBuildFile; fileRef = D2F2EF9D0F60385A00A8BB57 /* PictureAnswerController.m */; };
		D2F2EFA30F60389100A8BB57 /* FreeTextAnswerView.xib in Resources */ = {isa = PBXBuildFile; fileRef = D2F2EFA20F60389100A8BB57 /* FreeTextAnswerView.xib */; };
		D2F2EFA50F60389D00A8BB57 /* PictureAnswerView.xib in Resources */ = {isa = PBXBuildFile; fileRef = D2F2EFA40F60389D00A8BB57 /* PictureAnswerView.xib */; };
		D2F2EFF50F606AB500A8BB57 /* SurveyInfoViewController.m in Sources */ = {isa = PBXBuildFile; fileRef = D2F2EFF40F606AB500A8BB57 /* SurveyInfoViewController.m */; };
		D2F2EFF70F606ACD00A8BB57 /* SurveyInfoView.xib in Resources */ = {isa = PBXBuildFile; fileRef = D2F2EFF60F606ACD00A8BB57 /* SurveyInfoView.xib */; };
		DA5367DD0F86B817001127B0 /* StubCellWithError.m in Sources */ = {isa = PBXBuildFile; fileRef = DA5367DC0F86B817001127B0 /* StubCellWithError.m */; };
		DA7F48BC0F7142660001E019 /* LabelledTableViewReadOnlyCell.xib in Resources */ = {isa = PBXBuildFile; fileRef = DA7F48BB0F7142650001E019 /* LabelledTableViewReadOnlyCell.xib */; };
		DA7F48C10F7143890001E019 /* LabelledTableViewReadOnlyCell.m in Sources */ = {isa = PBXBuildFile; fileRef = DA7F48C00F7143890001E019 /* LabelledTableViewReadOnlyCell.m */; };
		DA7F49080F71506A0001E019 /* ValidCredentialsProfileDataSource.m in Sources */ = {isa = PBXBuildFile; fileRef = 54FA56FD0F6E43F100939C65 /* ValidCredentialsProfileDataSource.m */; };
		DA7F49290F7150D00001E019 /* CoreGraphics.framework in Frameworks */ = {isa = PBXBuildFile; fileRef = 288765070DF74369002DB57D /* CoreGraphics.framework */; };
		DA7F49BA0F71557D0001E019 /* UIKit.framework in Frameworks */ = {isa = PBXBuildFile; fileRef = 1DF5F4DF0D08C38300B7A737 /* UIKit.framework */; };
		DA7F49BB0F7155890001E019 /* Foundation.framework in Frameworks */ = {isa = PBXBuildFile; fileRef = 1D30AB110D05D00D00671497 /* Foundation.framework */; };
		DA7F49DC0F715E400001E019 /* LabelledTableViewReadOnlyCell.xib in Resources */ = {isa = PBXBuildFile; fileRef = DA7F48BB0F7142650001E019 /* LabelledTableViewReadOnlyCell.xib */; };
		DA7F49DF0F715EF70001E019 /* LabelledTableViewReadOnlyCell.m in Sources */ = {isa = PBXBuildFile; fileRef = DA7F48C00F7143890001E019 /* LabelledTableViewReadOnlyCell.m */; };
		DA8351120F8E103C0073F848 /* UIView+EasySubviewLabelAccess.m in Sources */ = {isa = PBXBuildFile; fileRef = DA8351110F8E103C0073F848 /* UIView+EasySubviewLabelAccess.m */; };
		DA8351210F8E175F0073F848 /* CredentialsViewControllerTest.m in Sources */ = {isa = PBXBuildFile; fileRef = DA83511F0F8E175F0073F848 /* CredentialsViewControllerTest.m */; };
		DA83513F0F8E208D0073F848 /* CredentialsView.xib in Resources */ = {isa = PBXBuildFile; fileRef = 548D9BC10F6AB49900629CCE /* CredentialsView.xib */; };
		DA83527C0F8E664E0073F848 /* NSObject+CleanUpProperties.m in Sources */ = {isa = PBXBuildFile; fileRef = DA83527B0F8E664E0073F848 /* NSObject+CleanUpProperties.m */; };
		DA83527D0F8E664E0073F848 /* NSObject+CleanUpProperties.m in Sources */ = {isa = PBXBuildFile; fileRef = DA83527B0F8E664E0073F848 /* NSObject+CleanUpProperties.m */; };
		DA83527F0F8E66ED0073F848 /* NSObject+CleanUpPropertiesTest.m in Sources */ = {isa = PBXBuildFile; fileRef = DA83527E0F8E66ED0073F848 /* NSObject+CleanUpPropertiesTest.m */; };
		DA83533A0F8F7BEB0073F848 /* DatePickerViewControllerTest.m in Sources */ = {isa = PBXBuildFile; fileRef = DA8353390F8F7BEB0073F848 /* DatePickerViewControllerTest.m */; };
		DA8353530F8F8BE90073F848 /* DatePickerView.xib in Resources */ = {isa = PBXBuildFile; fileRef = 54A6308F0F6EB2D20038382D /* DatePickerView.xib */; };
		DA86BE730F72B29C00CC6EBE /* ProfileViewController.m in Sources */ = {isa = PBXBuildFile; fileRef = 0D68A3D40EDCD3D6007CE721 /* ProfileViewController.m */; };
		DA86BE760F72B2D400CC6EBE /* CredentialsViewController.m in Sources */ = {isa = PBXBuildFile; fileRef = 548D9BC50F6AB5D100629CCE /* CredentialsViewController.m */; };
		DA86BE770F72B2E300CC6EBE /* NewAccountViewController.m in Sources */ = {isa = PBXBuildFile; fileRef = 547608CD0F6E5B37007CCC58 /* NewAccountViewController.m */; };
		DA86BE780F72B2FB00CC6EBE /* NoCredentialsProfileDataSource.m in Sources */ = {isa = PBXBuildFile; fileRef = 54FA56FA0F6E439200939C65 /* NoCredentialsProfileDataSource.m */; };
		DA86BE7A0F72B31900CC6EBE /* DatePickerViewController.m in Sources */ = {isa = PBXBuildFile; fileRef = 54A6308A0F6EB2240038382D /* DatePickerViewController.m */; };
		DA86BEC20F73E42700CC6EBE /* AccountTest.m in Sources */ = {isa = PBXBuildFile; fileRef = DA86BEBB0F73E42700CC6EBE /* AccountTest.m */; };
		DA86BEC30F73E42700CC6EBE /* ProfileViewControllerTest.m in Sources */ = {isa = PBXBuildFile; fileRef = DA86BEBC0F73E42700CC6EBE /* ProfileViewControllerTest.m */; };
		DA86BEC40F73E42700CC6EBE /* QuestionTest.m in Sources */ = {isa = PBXBuildFile; fileRef = DA86BEBE0F73E42700CC6EBE /* QuestionTest.m */; };
		DA86BEC50F73E42700CC6EBE /* SurveyTest.m in Sources */ = {isa = PBXBuildFile; fileRef = DA86BEC00F73E42700CC6EBE /* SurveyTest.m */; };
		DA86BEC60F73E42700CC6EBE /* ValidCredentialsProfileDataSourceTest.m in Sources */ = {isa = PBXBuildFile; fileRef = DA86BEC10F73E42700CC6EBE /* ValidCredentialsProfileDataSourceTest.m */; };
		DA86BEC80F73E45D00CC6EBE /* RestTest.m in Sources */ = {isa = PBXBuildFile; fileRef = DA86BEC70F73E45D00CC6EBE /* RestTest.m */; };
		DA86C0020F75C4A200CC6EBE /* RestConfiguration.m in Sources */ = {isa = PBXBuildFile; fileRef = DA86C0010F75C4A200CC6EBE /* RestConfiguration.m */; };
		DA86C0040F75C4CA00CC6EBE /* RestConfigurationTest.m in Sources */ = {isa = PBXBuildFile; fileRef = DA86C0030F75C4CA00CC6EBE /* RestConfigurationTest.m */; };
		DA86C0A00F75EB9D00CC6EBE /* RestConfiguration.m in Sources */ = {isa = PBXBuildFile; fileRef = DA86C0010F75C4A200CC6EBE /* RestConfiguration.m */; };
		DA86C18C0F778D8300CC6EBE /* NoAccountDataProfileDataSource.m in Sources */ = {isa = PBXBuildFile; fileRef = DA86C18B0F778D8300CC6EBE /* NoAccountDataProfileDataSource.m */; };
		DA86C18D0F778D8400CC6EBE /* NoAccountDataProfileDataSource.m in Sources */ = {isa = PBXBuildFile; fileRef = DA86C18B0F778D8300CC6EBE /* NoAccountDataProfileDataSource.m */; };
		DA86C1AD0F77983E00CC6EBE /* NoAccountDataProfileDataSourceTest.m in Sources */ = {isa = PBXBuildFile; fileRef = DA86C1AC0F77983E00CC6EBE /* NoAccountDataProfileDataSourceTest.m */; };
		DA86C2E90F79629300CC6EBE /* RestfulRequests.m in Sources */ = {isa = PBXBuildFile; fileRef = DA86C2E80F79629300CC6EBE /* RestfulRequests.m */; };
		DA86C2EA0F79629300CC6EBE /* RestfulRequests.m in Sources */ = {isa = PBXBuildFile; fileRef = DA86C2E80F79629300CC6EBE /* RestfulRequests.m */; };
		DA86C2F10F7A2E8C00CC6EBE /* RestfulRequestsTest.m in Sources */ = {isa = PBXBuildFile; fileRef = DA86C2F00F7A2E8C00CC6EBE /* RestfulRequestsTest.m */; };
		DA86C3290F7A433B00CC6EBE /* RestStubbing.m in Sources */ = {isa = PBXBuildFile; fileRef = DA86C3280F7A433B00CC6EBE /* RestStubbing.m */; };
		DA9A712E0F8F9B7400F5580A /* LabelledTableViewCellTest.m in Sources */ = {isa = PBXBuildFile; fileRef = DA9A712D0F8F9B7400F5580A /* LabelledTableViewCellTest.m */; };
		DA9A72520F93587400F5580A /* LoadsSingleObjectFromNib.m in Sources */ = {isa = PBXBuildFile; fileRef = DA9A72510F93587400F5580A /* LoadsSingleObjectFromNib.m */; };
		DA9A72530F93587400F5580A /* LoadsSingleObjectFromNib.m in Sources */ = {isa = PBXBuildFile; fileRef = DA9A72510F93587400F5580A /* LoadsSingleObjectFromNib.m */; };
		DAA2E6530F8395AB0004D56E /* NewAccountViewControllerTest.m in Sources */ = {isa = PBXBuildFile; fileRef = DAA2E6520F8395AB0004D56E /* NewAccountViewControllerTest.m */; };
		DAA2E6540F839FA20004D56E /* LabelledTableViewCell.xib in Resources */ = {isa = PBXBuildFile; fileRef = 5420E3120F6E7F5B00DC2BDE /* LabelledTableViewCell.xib */; };
		DAA2E6680F83A0160004D56E /* LabelledTableViewCell.m in Sources */ = {isa = PBXBuildFile; fileRef = 5420E3160F6E82E800DC2BDE /* LabelledTableViewCell.m */; };
		DAA2E6750F83A2970004D56E /* SegmentedTableViewCell.m in Sources */ = {isa = PBXBuildFile; fileRef = 54A630350F6EA99B0038382D /* SegmentedTableViewCell.m */; };
		DAA2E6840F83A3970004D56E /* SegmentedTableViewCell.xib in Resources */ = {isa = PBXBuildFile; fileRef = 54A630370F6EAA6D0038382D /* SegmentedTableViewCell.xib */; };
		DAA2E6F80F83B5F40004D56E /* NewAccountView.xib in Resources */ = {isa = PBXBuildFile; fileRef = 547608D00F6E5B6B007CCC58 /* NewAccountView.xib */; };
		DAA2E7340F83C3350004D56E /* AccountStubbing.m in Sources */ = {isa = PBXBuildFile; fileRef = DAA2E7330F83C3350004D56E /* AccountStubbing.m */; };
		DAA2E7550F83D3220004D56E /* DateHelper.m in Sources */ = {isa = PBXBuildFile; fileRef = DAA2E7540F83D3220004D56E /* DateHelper.m */; };
		DADF81A20F85682F00DEACA0 /* background.png in Resources */ = {isa = PBXBuildFile; fileRef = DADF81A10F85682F00DEACA0 /* background.png */; };
		DADF82C70F86267600DEACA0 /* NSDictionary+RemoveNullsTest.m in Sources */ = {isa = PBXBuildFile; fileRef = DADF82C60F86267600DEACA0 /* NSDictionary+RemoveNullsTest.m */; };
		DADF82CA0F8626B200DEACA0 /* NSDictionary+RemoveNulls.m in Sources */ = {isa = PBXBuildFile; fileRef = DADF82C90F8626B200DEACA0 /* NSDictionary+RemoveNulls.m */; };
		DADF82CB0F8626B200DEACA0 /* NSDictionary+RemoveNulls.m in Sources */ = {isa = PBXBuildFile; fileRef = DADF82C90F8626B200DEACA0 /* NSDictionary+RemoveNulls.m */; };
		DADF832C0F86333F00DEACA0 /* TableSectionTest.m in Sources */ = {isa = PBXBuildFile; fileRef = DADF832B0F86333F00DEACA0 /* TableSectionTest.m */; };
		DADF83310F86352500DEACA0 /* TableSection.m in Sources */ = {isa = PBXBuildFile; fileRef = DADF83300F86352500DEACA0 /* TableSection.m */; };
		DADF83320F86352500DEACA0 /* TableSection.m in Sources */ = {isa = PBXBuildFile; fileRef = DADF83300F86352500DEACA0 /* TableSection.m */; };
		DADF839D0F865A7200DEACA0 /* StaticTable.m in Sources */ = {isa = PBXBuildFile; fileRef = DADF839C0F865A7200DEACA0 /* StaticTable.m */; };
		DADF839E0F865A7200DEACA0 /* StaticTable.m in Sources */ = {isa = PBXBuildFile; fileRef = DADF839C0F865A7200DEACA0 /* StaticTable.m */; };
		DADF83AB0F865D9800DEACA0 /* StaticTableTest.m in Sources */ = {isa = PBXBuildFile; fileRef = DADF83AA0F865D9800DEACA0 /* StaticTableTest.m */; };
		DAE91B630F823122009CEE14 /* NSString+Regex.m in Sources */ = {isa = PBXBuildFile; fileRef = DAE91B620F823122009CEE14 /* NSString+Regex.m */; };
		DAE91B650F823144009CEE14 /* NSString+RegexTest.m in Sources */ = {isa = PBXBuildFile; fileRef = DAE91B640F823144009CEE14 /* NSString+RegexTest.m */; };
		FC21C5050F12B3AC00436E7F /* Survey.m in Sources */ = {isa = PBXBuildFile; fileRef = FC21C5040F12B3AC00436E7F /* Survey.m */; };
		FC9756860F13B2300077926E /* SurveyListViewController.m in Sources */ = {isa = PBXBuildFile; fileRef = FC9756850F13B2300077926E /* SurveyListViewController.m */; };
		FC9756890F13B4070077926E /* SurveyListView.xib in Resources */ = {isa = PBXBuildFile; fileRef = FC9756880F13B4070077926E /* SurveyListView.xib */; };
		FC97568A0F13B4070077926E /* SurveyListView.xib in Resources */ = {isa = PBXBuildFile; fileRef = FC9756880F13B4070077926E /* SurveyListView.xib */; };
/* End PBXBuildFile section */

/* Begin PBXFileReference section */
		0D68A3C50EDCD2B6007CE721 /* QuestionListViewController.h */ = {isa = PBXFileReference; fileEncoding = 4; lastKnownFileType = sourcecode.c.h; path = QuestionListViewController.h; sourceTree = "<group>"; };
		0D68A3C60EDCD2B6007CE721 /* QuestionListViewController.m */ = {isa = PBXFileReference; fileEncoding = 4; lastKnownFileType = sourcecode.c.objc; path = QuestionListViewController.m; sourceTree = "<group>"; };
		0D68A3C80EDCD2DB007CE721 /* QuestionListView.xib */ = {isa = PBXFileReference; lastKnownFileType = file.xib; path = QuestionListView.xib; sourceTree = "<group>"; };
		0D68A3CD0EDCD37A007CE721 /* WalletViewController.h */ = {isa = PBXFileReference; fileEncoding = 4; lastKnownFileType = sourcecode.c.h; path = WalletViewController.h; sourceTree = "<group>"; };
		0D68A3CE0EDCD37A007CE721 /* WalletViewController.m */ = {isa = PBXFileReference; fileEncoding = 4; lastKnownFileType = sourcecode.c.objc; path = WalletViewController.m; sourceTree = "<group>"; };
		0D68A3D00EDCD38E007CE721 /* WalletView.xib */ = {isa = PBXFileReference; lastKnownFileType = file.xib; path = WalletView.xib; sourceTree = "<group>"; };
		0D68A3D30EDCD3D6007CE721 /* ProfileViewController.h */ = {isa = PBXFileReference; fileEncoding = 4; lastKnownFileType = sourcecode.c.h; path = ProfileViewController.h; sourceTree = "<group>"; };
		0D68A3D40EDCD3D6007CE721 /* ProfileViewController.m */ = {isa = PBXFileReference; fileEncoding = 4; lastKnownFileType = sourcecode.c.objc; path = ProfileViewController.m; sourceTree = "<group>"; };
		0D68A3D60EDCD3EF007CE721 /* ProfileView.xib */ = {isa = PBXFileReference; lastKnownFileType = file.xib; path = ProfileView.xib; sourceTree = "<group>"; };
		0D68A3E80EDCD5CC007CE721 /* MainWindowViewController.h */ = {isa = PBXFileReference; fileEncoding = 4; lastKnownFileType = sourcecode.c.h; path = MainWindowViewController.h; sourceTree = "<group>"; };
		0D68A3E90EDCD5CC007CE721 /* MainWindowViewController.m */ = {isa = PBXFileReference; fileEncoding = 4; lastKnownFileType = sourcecode.c.objc; path = MainWindowViewController.m; sourceTree = "<group>"; };
		0DD8C8400EF33C3E00A20937 /* Question.h */ = {isa = PBXFileReference; fileEncoding = 4; lastKnownFileType = sourcecode.c.h; path = Question.h; sourceTree = "<group>"; };
		0DD8C8410EF33C3E00A20937 /* Question.m */ = {isa = PBXFileReference; fileEncoding = 4; lastKnownFileType = sourcecode.c.objc; path = Question.m; sourceTree = "<group>"; };
		0DD8C95D0EF487C900A20937 /* SurveyQuestionView.xib */ = {isa = PBXFileReference; lastKnownFileType = file.xib; path = SurveyQuestionView.xib; sourceTree = "<group>"; };
		0DF9E1ED0EF2ED3400A522A1 /* Icon.png */ = {isa = PBXFileReference; lastKnownFileType = image.png; path = Icon.png; sourceTree = SOURCE_ROOT; };
		0DF9E2290EF2F4FC00A522A1 /* profile.png */ = {isa = PBXFileReference; lastKnownFileType = image.png; path = profile.png; sourceTree = "<group>"; };
		0DF9E22A0EF2F4FC00A522A1 /* question.png */ = {isa = PBXFileReference; lastKnownFileType = image.png; path = question.png; sourceTree = "<group>"; };
		0DF9E22B0EF2F4FC00A522A1 /* wallet.png */ = {isa = PBXFileReference; lastKnownFileType = image.png; path = wallet.png; sourceTree = "<group>"; };
		0DF9E22F0EF2F61A00A522A1 /* user.png */ = {isa = PBXFileReference; lastKnownFileType = image.png; path = user.png; sourceTree = "<group>"; };
		0DF9E3140EF3065200A522A1 /* QuestionView.xib */ = {isa = PBXFileReference; lastKnownFileType = file.xib; path = QuestionView.xib; sourceTree = "<group>"; };
		1D30AB110D05D00D00671497 /* Foundation.framework */ = {isa = PBXFileReference; lastKnownFileType = wrapper.framework; name = Foundation.framework; path = System/Library/Frameworks/Foundation.framework; sourceTree = SDKROOT; };
		1D3623240D0F684500981E51 /* JoeMetricAppDelegate.h */ = {isa = PBXFileReference; fileEncoding = 4; lastKnownFileType = sourcecode.c.h; path = JoeMetricAppDelegate.h; sourceTree = "<group>"; };
		1D3623250D0F684500981E51 /* JoeMetricAppDelegate.m */ = {isa = PBXFileReference; fileEncoding = 4; lastKnownFileType = sourcecode.c.objc; path = JoeMetricAppDelegate.m; sourceTree = "<group>"; };
		1D6058910D05DD3D006BFB54 /* JoeMetric.app */ = {isa = PBXFileReference; explicitFileType = wrapper.application; includeInIndex = 0; path = JoeMetric.app; sourceTree = BUILT_PRODUCTS_DIR; };
		1DF5F4DF0D08C38300B7A737 /* UIKit.framework */ = {isa = PBXFileReference; lastKnownFileType = wrapper.framework; name = UIKit.framework; path = System/Library/Frameworks/UIKit.framework; sourceTree = SDKROOT; };
		288765070DF74369002DB57D /* CoreGraphics.framework */ = {isa = PBXFileReference; lastKnownFileType = wrapper.framework; name = CoreGraphics.framework; path = System/Library/Frameworks/CoreGraphics.framework; sourceTree = SDKROOT; };
		28A0AB4B0D9B1048005BE974 /* JoeMetric_Prefix.pch */ = {isa = PBXFileReference; fileEncoding = 4; lastKnownFileType = sourcecode.c.h; path = JoeMetric_Prefix.pch; sourceTree = "<group>"; };
		28AD73870D9D96C1002E5188 /* MainWindow.xib */ = {isa = PBXFileReference; lastKnownFileType = file.xib; path = MainWindow.xib; sourceTree = "<group>"; };
		29B97316FDCFA39411CA2CEA /* main.m */ = {isa = PBXFileReference; fileEncoding = 4; lastKnownFileType = sourcecode.c.objc; path = main.m; sourceTree = "<group>"; };
		392676550F61A01600A889B8 /* refresh_icon.png */ = {isa = PBXFileReference; lastKnownFileType = image.png; path = refresh_icon.png; sourceTree = "<group>"; };
		541654E00F864AC700B7CCF2 /* green_lozenge.png */ = {isa = PBXFileReference; lastKnownFileType = image.png; path = green_lozenge.png; sourceTree = "<group>"; };
		541654E10F864AC700B7CCF2 /* red_lozenge.png */ = {isa = PBXFileReference; lastKnownFileType = image.png; path = red_lozenge.png; sourceTree = "<group>"; };
		541654E70F864BFE00B7CCF2 /* wallet_header.png */ = {isa = PBXFileReference; lastKnownFileType = image.png; path = wallet_header.png; sourceTree = "<group>"; };
		5420E3120F6E7F5B00DC2BDE /* LabelledTableViewCell.xib */ = {isa = PBXFileReference; lastKnownFileType = file.xib; path = LabelledTableViewCell.xib; sourceTree = "<group>"; };
		5420E3150F6E82E800DC2BDE /* LabelledTableViewCell.h */ = {isa = PBXFileReference; fileEncoding = 4; lastKnownFileType = sourcecode.c.h; path = LabelledTableViewCell.h; sourceTree = "<group>"; };
		5420E3160F6E82E800DC2BDE /* LabelledTableViewCell.m */ = {isa = PBXFileReference; fileEncoding = 4; lastKnownFileType = sourcecode.c.objc; path = LabelledTableViewCell.m; sourceTree = "<group>"; };
		547608CC0F6E5B37007CCC58 /* NewAccountViewController.h */ = {isa = PBXFileReference; fileEncoding = 4; lastKnownFileType = sourcecode.c.h; path = NewAccountViewController.h; sourceTree = "<group>"; };
		547608CD0F6E5B37007CCC58 /* NewAccountViewController.m */ = {isa = PBXFileReference; fileEncoding = 4; lastKnownFileType = sourcecode.c.objc; path = NewAccountViewController.m; sourceTree = "<group>"; };
		547608D00F6E5B6B007CCC58 /* NewAccountView.xib */ = {isa = PBXFileReference; lastKnownFileType = file.xib; path = NewAccountView.xib; sourceTree = "<group>"; };
		5488C43B0F8241DE00B29C76 /* WalletViewTableCell.xib */ = {isa = PBXFileReference; lastKnownFileType = file.xib; path = WalletViewTableCell.xib; sourceTree = "<group>"; };
		5488C43F0F8243C500B29C76 /* WalletViewTableCell.h */ = {isa = PBXFileReference; fileEncoding = 4; lastKnownFileType = sourcecode.c.h; path = WalletViewTableCell.h; sourceTree = "<group>"; };
		5488C4400F8243C500B29C76 /* WalletViewTableCell.m */ = {isa = PBXFileReference; fileEncoding = 4; lastKnownFileType = sourcecode.c.objc; path = WalletViewTableCell.m; sourceTree = "<group>"; };
		548D9B100F6AAE7300629CCE /* RestDelegate.h */ = {isa = PBXFileReference; fileEncoding = 4; lastKnownFileType = sourcecode.c.h; path = RestDelegate.h; sourceTree = "<group>"; };
		548D9B120F6AAEC100629CCE /* ResourceDelegate.h */ = {isa = PBXFileReference; fileEncoding = 4; lastKnownFileType = sourcecode.c.h; path = ResourceDelegate.h; sourceTree = "<group>"; };
		548D9BC10F6AB49900629CCE /* CredentialsView.xib */ = {isa = PBXFileReference; lastKnownFileType = file.xib; path = CredentialsView.xib; sourceTree = "<group>"; };
		548D9BC40F6AB5D100629CCE /* CredentialsViewController.h */ = {isa = PBXFileReference; fileEncoding = 4; lastKnownFileType = sourcecode.c.h; path = CredentialsViewController.h; sourceTree = "<group>"; };
		548D9BC50F6AB5D100629CCE /* CredentialsViewController.m */ = {isa = PBXFileReference; fileEncoding = 4; lastKnownFileType = sourcecode.c.objc; path = CredentialsViewController.m; sourceTree = "<group>"; };
		54A630340F6EA99B0038382D /* SegmentedTableViewCell.h */ = {isa = PBXFileReference; fileEncoding = 4; lastKnownFileType = sourcecode.c.h; path = SegmentedTableViewCell.h; sourceTree = "<group>"; };
		54A630350F6EA99B0038382D /* SegmentedTableViewCell.m */ = {isa = PBXFileReference; fileEncoding = 4; lastKnownFileType = sourcecode.c.objc; path = SegmentedTableViewCell.m; sourceTree = "<group>"; };
		54A630370F6EAA6D0038382D /* SegmentedTableViewCell.xib */ = {isa = PBXFileReference; lastKnownFileType = file.xib; path = SegmentedTableViewCell.xib; sourceTree = "<group>"; };
		54A630890F6EB2240038382D /* DatePickerViewController.h */ = {isa = PBXFileReference; fileEncoding = 4; lastKnownFileType = sourcecode.c.h; path = DatePickerViewController.h; sourceTree = "<group>"; };
		54A6308A0F6EB2240038382D /* DatePickerViewController.m */ = {isa = PBXFileReference; fileEncoding = 4; lastKnownFileType = sourcecode.c.objc; path = DatePickerViewController.m; sourceTree = "<group>"; };
		54A6308F0F6EB2D20038382D /* DatePickerView.xib */ = {isa = PBXFileReference; lastKnownFileType = file.xib; path = DatePickerView.xib; sourceTree = "<group>"; };
		54D2A5620F6C53D800C0C316 /* Settings.bundle */ = {isa = PBXFileReference; lastKnownFileType = "wrapper.plug-in"; path = Settings.bundle; sourceTree = "<group>"; };
		54F817C60F8E339100EC1909 /* surveylist_header.png */ = {isa = PBXFileReference; lastKnownFileType = image.png; path = surveylist_header.png; sourceTree = "<group>"; };
		54F817E20F8E347400EC1909 /* SurveyListViewTableCell.xib */ = {isa = PBXFileReference; lastKnownFileType = file.xib; path = SurveyListViewTableCell.xib; sourceTree = "<group>"; };
		54F817E60F8E64FE00EC1909 /* SurveyListViewTableCell.h */ = {isa = PBXFileReference; fileEncoding = 4; lastKnownFileType = sourcecode.c.h; path = SurveyListViewTableCell.h; sourceTree = "<group>"; };
		54F817E70F8E64FE00EC1909 /* SurveyListViewTableCell.m */ = {isa = PBXFileReference; fileEncoding = 4; lastKnownFileType = sourcecode.c.objc; path = SurveyListViewTableCell.m; sourceTree = "<group>"; };
		54FA56F90F6E439200939C65 /* NoCredentialsProfileDataSource.h */ = {isa = PBXFileReference; fileEncoding = 4; lastKnownFileType = sourcecode.c.h; path = NoCredentialsProfileDataSource.h; sourceTree = "<group>"; };
		54FA56FA0F6E439200939C65 /* NoCredentialsProfileDataSource.m */ = {isa = PBXFileReference; fileEncoding = 4; lastKnownFileType = sourcecode.c.objc; path = NoCredentialsProfileDataSource.m; sourceTree = "<group>"; };
		54FA56FC0F6E43F100939C65 /* ValidCredentialsProfileDataSource.h */ = {isa = PBXFileReference; fileEncoding = 4; lastKnownFileType = sourcecode.c.h; path = ValidCredentialsProfileDataSource.h; sourceTree = "<group>"; };
		54FA56FD0F6E43F100939C65 /* ValidCredentialsProfileDataSource.m */ = {isa = PBXFileReference; fileEncoding = 4; lastKnownFileType = sourcecode.c.objc; path = ValidCredentialsProfileDataSource.m; sourceTree = "<group>"; };
		8D1107310486CEB800E47090 /* Info.plist */ = {isa = PBXFileReference; fileEncoding = 4; lastKnownFileType = text.plist.xml; path = Info.plist; sourceTree = "<group>"; };
		D266E0140F3A400200C20691 /* JSON.h */ = {isa = PBXFileReference; fileEncoding = 4; lastKnownFileType = sourcecode.c.h; path = JSON.h; sourceTree = "<group>"; };
		D266E0150F3A400200C20691 /* NSObject+SBJSON.h */ = {isa = PBXFileReference; fileEncoding = 4; lastKnownFileType = sourcecode.c.h; path = "NSObject+SBJSON.h"; sourceTree = "<group>"; };
		D266E0160F3A400200C20691 /* NSObject+SBJSON.m */ = {isa = PBXFileReference; fileEncoding = 4; lastKnownFileType = sourcecode.c.objc; path = "NSObject+SBJSON.m"; sourceTree = "<group>"; };
		D266E0170F3A400200C20691 /* NSString+SBJSON.h */ = {isa = PBXFileReference; fileEncoding = 4; lastKnownFileType = sourcecode.c.h; path = "NSString+SBJSON.h"; sourceTree = "<group>"; };
		D266E0180F3A400200C20691 /* NSString+SBJSON.m */ = {isa = PBXFileReference; fileEncoding = 4; lastKnownFileType = sourcecode.c.objc; path = "NSString+SBJSON.m"; sourceTree = "<group>"; };
		D266E0190F3A400200C20691 /* SBJSON.h */ = {isa = PBXFileReference; fileEncoding = 4; lastKnownFileType = sourcecode.c.h; path = SBJSON.h; sourceTree = "<group>"; };
		D266E01A0F3A400200C20691 /* SBJSON.m */ = {isa = PBXFileReference; fileEncoding = 4; lastKnownFileType = sourcecode.c.objc; path = SBJSON.m; sourceTree = "<group>"; };
		D2955DF60F3A36E6002675C9 /* Rest.h */ = {isa = PBXFileReference; fileEncoding = 4; lastKnownFileType = sourcecode.c.h; path = Rest.h; sourceTree = "<group>"; };
		D2955DF70F3A36E6002675C9 /* Rest.m */ = {isa = PBXFileReference; fileEncoding = 4; lastKnownFileType = sourcecode.c.objc; path = Rest.m; sourceTree = "<group>"; };
		D2A2AC5B0F8CE91C003973C8 /* AnswerManager.h */ = {isa = PBXFileReference; fileEncoding = 4; lastKnownFileType = sourcecode.c.h; path = AnswerManager.h; sourceTree = "<group>"; };
		D2A2AC5C0F8CE91C003973C8 /* AnswerManager.m */ = {isa = PBXFileReference; fileEncoding = 4; lastKnownFileType = sourcecode.c.objc; path = AnswerManager.m; sourceTree = "<group>"; };
		D2A2AE3B0F8D2689003973C8 /* PictureUploader.h */ = {isa = PBXFileReference; fileEncoding = 4; lastKnownFileType = sourcecode.c.h; path = PictureUploader.h; sourceTree = "<group>"; };
		D2A2AE3C0F8D2689003973C8 /* PictureUploader.m */ = {isa = PBXFileReference; fileEncoding = 4; lastKnownFileType = sourcecode.c.objc; path = PictureUploader.m; sourceTree = "<group>"; };
		D2A946700F7A75C000E6D9B6 /* SurveyManager.h */ = {isa = PBXFileReference; fileEncoding = 4; lastKnownFileType = sourcecode.c.h; path = SurveyManager.h; sourceTree = "<group>"; };
		D2A946710F7A75C000E6D9B6 /* SurveyManager.m */ = {isa = PBXFileReference; fileEncoding = 4; lastKnownFileType = sourcecode.c.objc; path = SurveyManager.m; sourceTree = "<group>"; };
		D2AD6B1A0EFFF66B00DB13FD /* Account.h */ = {isa = PBXFileReference; fileEncoding = 4; lastKnownFileType = sourcecode.c.h; path = Account.h; sourceTree = "<group>"; };
		D2AD6B1B0EFFF66B00DB13FD /* Account.m */ = {isa = PBXFileReference; fileEncoding = 4; lastKnownFileType = sourcecode.c.objc; path = Account.m; sourceTree = "<group>"; };
		D2C6934C0F669F600009E3A7 /* Answer.h */ = {isa = PBXFileReference; fileEncoding = 4; lastKnownFileType = sourcecode.c.h; path = Answer.h; sourceTree = "<group>"; };
		D2C6934D0F669F600009E3A7 /* Answer.m */ = {isa = PBXFileReference; fileEncoding = 4; lastKnownFileType = sourcecode.c.objc; path = Answer.m; sourceTree = "<group>"; };
		D2F22B330EFBE9F60047CBFA /* Unit Test.app */ = {isa = PBXFileReference; explicitFileType = wrapper.application; includeInIndex = 0; path = "Unit Test.app"; sourceTree = BUILT_PRODUCTS_DIR; };
		D2F22B350EFBE9F60047CBFA /* Unit Test-Info.plist */ = {isa = PBXFileReference; lastKnownFileType = text.plist.xml; path = "Unit Test-Info.plist"; sourceTree = "<group>"; };
		D2F22B3A0EFBEA090047CBFA /* GTMDefines.h */ = {isa = PBXFileReference; fileEncoding = 4; lastKnownFileType = sourcecode.c.h; name = GTMDefines.h; path = GoogleToolkit/GTMDefines.h; sourceTree = "<group>"; };
		D2F22B3B0EFBEA090047CBFA /* GTMIPhoneUnitTestDelegate.h */ = {isa = PBXFileReference; fileEncoding = 4; lastKnownFileType = sourcecode.c.h; name = GTMIPhoneUnitTestDelegate.h; path = GoogleToolkit/GTMIPhoneUnitTestDelegate.h; sourceTree = "<group>"; };
		D2F22B3C0EFBEA090047CBFA /* GTMIPhoneUnitTestDelegate.m */ = {isa = PBXFileReference; fileEncoding = 4; lastKnownFileType = sourcecode.c.objc; name = GTMIPhoneUnitTestDelegate.m; path = GoogleToolkit/GTMIPhoneUnitTestDelegate.m; sourceTree = "<group>"; };
		D2F22B3D0EFBEA090047CBFA /* GTMIPhoneUnitTestMain.m */ = {isa = PBXFileReference; fileEncoding = 4; lastKnownFileType = sourcecode.c.objc; name = GTMIPhoneUnitTestMain.m; path = GoogleToolkit/GTMIPhoneUnitTestMain.m; sourceTree = "<group>"; };
		D2F22B3E0EFBEA090047CBFA /* GTMSenTestCase.h */ = {isa = PBXFileReference; fileEncoding = 4; lastKnownFileType = sourcecode.c.h; name = GTMSenTestCase.h; path = GoogleToolkit/GTMSenTestCase.h; sourceTree = "<group>"; };
		D2F22B3F0EFBEA090047CBFA /* GTMSenTestCase.m */ = {isa = PBXFileReference; fileEncoding = 4; lastKnownFileType = sourcecode.c.objc; name = GTMSenTestCase.m; path = GoogleToolkit/GTMSenTestCase.m; sourceTree = "<group>"; };
		D2F2EF730F6030EB00A8BB57 /* QuestionViewController.h */ = {isa = PBXFileReference; fileEncoding = 4; lastKnownFileType = sourcecode.c.h; path = QuestionViewController.h; sourceTree = "<group>"; };
		D2F2EF740F6030EB00A8BB57 /* QuestionViewController.m */ = {isa = PBXFileReference; fileEncoding = 4; lastKnownFileType = sourcecode.c.objc; path = QuestionViewController.m; sourceTree = "<group>"; };
		D2F2EF990F60384E00A8BB57 /* FreeTextAnswerController.h */ = {isa = PBXFileReference; fileEncoding = 4; lastKnownFileType = sourcecode.c.h; path = FreeTextAnswerController.h; sourceTree = "<group>"; };
		D2F2EF9A0F60384E00A8BB57 /* FreeTextAnswerController.m */ = {isa = PBXFileReference; fileEncoding = 4; lastKnownFileType = sourcecode.c.objc; path = FreeTextAnswerController.m; sourceTree = "<group>"; };
		D2F2EF9C0F60385A00A8BB57 /* PictureAnswerController.h */ = {isa = PBXFileReference; fileEncoding = 4; lastKnownFileType = sourcecode.c.h; path = PictureAnswerController.h; sourceTree = "<group>"; };
		D2F2EF9D0F60385A00A8BB57 /* PictureAnswerController.m */ = {isa = PBXFileReference; fileEncoding = 4; lastKnownFileType = sourcecode.c.objc; path = PictureAnswerController.m; sourceTree = "<group>"; };
		D2F2EFA20F60389100A8BB57 /* FreeTextAnswerView.xib */ = {isa = PBXFileReference; lastKnownFileType = file.xib; path = FreeTextAnswerView.xib; sourceTree = "<group>"; };
		D2F2EFA40F60389D00A8BB57 /* PictureAnswerView.xib */ = {isa = PBXFileReference; lastKnownFileType = file.xib; path = PictureAnswerView.xib; sourceTree = "<group>"; };
		D2F2EFF30F606AB500A8BB57 /* SurveyInfoViewController.h */ = {isa = PBXFileReference; fileEncoding = 4; lastKnownFileType = sourcecode.c.h; path = SurveyInfoViewController.h; sourceTree = "<group>"; };
		D2F2EFF40F606AB500A8BB57 /* SurveyInfoViewController.m */ = {isa = PBXFileReference; fileEncoding = 4; lastKnownFileType = sourcecode.c.objc; path = SurveyInfoViewController.m; sourceTree = "<group>"; };
		D2F2EFF60F606ACD00A8BB57 /* SurveyInfoView.xib */ = {isa = PBXFileReference; lastKnownFileType = file.xib; path = SurveyInfoView.xib; sourceTree = "<group>"; };
		DA5367DB0F86B817001127B0 /* StubCellWithError.h */ = {isa = PBXFileReference; fileEncoding = 4; lastKnownFileType = sourcecode.c.h; path = StubCellWithError.h; sourceTree = "<group>"; };
		DA5367DC0F86B817001127B0 /* StubCellWithError.m */ = {isa = PBXFileReference; fileEncoding = 4; lastKnownFileType = sourcecode.c.objc; path = StubCellWithError.m; sourceTree = "<group>"; };
		DA7F48BB0F7142650001E019 /* LabelledTableViewReadOnlyCell.xib */ = {isa = PBXFileReference; lastKnownFileType = file.xib; path = LabelledTableViewReadOnlyCell.xib; sourceTree = "<group>"; };
		DA7F48BF0F7143890001E019 /* LabelledTableViewReadOnlyCell.h */ = {isa = PBXFileReference; fileEncoding = 4; lastKnownFileType = sourcecode.c.h; path = LabelledTableViewReadOnlyCell.h; sourceTree = "<group>"; };
		DA7F48C00F7143890001E019 /* LabelledTableViewReadOnlyCell.m */ = {isa = PBXFileReference; fileEncoding = 4; lastKnownFileType = sourcecode.c.objc; path = LabelledTableViewReadOnlyCell.m; sourceTree = "<group>"; };
		DA8351100F8E103C0073F848 /* UIView+EasySubviewLabelAccess.h */ = {isa = PBXFileReference; fileEncoding = 4; lastKnownFileType = sourcecode.c.h; path = "UIView+EasySubviewLabelAccess.h"; sourceTree = "<group>"; };
		DA8351110F8E103C0073F848 /* UIView+EasySubviewLabelAccess.m */ = {isa = PBXFileReference; fileEncoding = 4; lastKnownFileType = sourcecode.c.objc; path = "UIView+EasySubviewLabelAccess.m"; sourceTree = "<group>"; };
		DA83511F0F8E175F0073F848 /* CredentialsViewControllerTest.m */ = {isa = PBXFileReference; fileEncoding = 4; lastKnownFileType = sourcecode.c.objc; path = CredentialsViewControllerTest.m; sourceTree = "<group>"; };
		DA83527A0F8E664E0073F848 /* NSObject+CleanUpProperties.h */ = {isa = PBXFileReference; fileEncoding = 4; lastKnownFileType = sourcecode.c.h; path = "NSObject+CleanUpProperties.h"; sourceTree = "<group>"; };
		DA83527B0F8E664E0073F848 /* NSObject+CleanUpProperties.m */ = {isa = PBXFileReference; fileEncoding = 4; lastKnownFileType = sourcecode.c.objc; path = "NSObject+CleanUpProperties.m"; sourceTree = "<group>"; };
		DA83527E0F8E66ED0073F848 /* NSObject+CleanUpPropertiesTest.m */ = {isa = PBXFileReference; fileEncoding = 4; lastKnownFileType = sourcecode.c.objc; path = "NSObject+CleanUpPropertiesTest.m"; sourceTree = "<group>"; };
		DA8353390F8F7BEB0073F848 /* DatePickerViewControllerTest.m */ = {isa = PBXFileReference; fileEncoding = 4; lastKnownFileType = sourcecode.c.objc; path = DatePickerViewControllerTest.m; sourceTree = "<group>"; };
		DA86BEBB0F73E42700CC6EBE /* AccountTest.m */ = {isa = PBXFileReference; fileEncoding = 4; lastKnownFileType = sourcecode.c.objc; path = AccountTest.m; sourceTree = "<group>"; };
		DA86BEBC0F73E42700CC6EBE /* ProfileViewControllerTest.m */ = {isa = PBXFileReference; fileEncoding = 4; lastKnownFileType = sourcecode.c.objc; path = ProfileViewControllerTest.m; sourceTree = "<group>"; };
		DA86BEBD0F73E42700CC6EBE /* QuestionTest.h */ = {isa = PBXFileReference; fileEncoding = 4; lastKnownFileType = sourcecode.c.h; path = QuestionTest.h; sourceTree = "<group>"; };
		DA86BEBE0F73E42700CC6EBE /* QuestionTest.m */ = {isa = PBXFileReference; fileEncoding = 4; lastKnownFileType = sourcecode.c.objc; path = QuestionTest.m; sourceTree = "<group>"; };
		DA86BEBF0F73E42700CC6EBE /* SurveyTest.h */ = {isa = PBXFileReference; fileEncoding = 4; lastKnownFileType = sourcecode.c.h; path = SurveyTest.h; sourceTree = "<group>"; };
		DA86BEC00F73E42700CC6EBE /* SurveyTest.m */ = {isa = PBXFileReference; fileEncoding = 4; lastKnownFileType = sourcecode.c.objc; path = SurveyTest.m; sourceTree = "<group>"; };
		DA86BEC10F73E42700CC6EBE /* ValidCredentialsProfileDataSourceTest.m */ = {isa = PBXFileReference; fileEncoding = 4; lastKnownFileType = sourcecode.c.objc; path = ValidCredentialsProfileDataSourceTest.m; sourceTree = "<group>"; };
		DA86BEC70F73E45D00CC6EBE /* RestTest.m */ = {isa = PBXFileReference; fileEncoding = 4; lastKnownFileType = sourcecode.c.objc; path = RestTest.m; sourceTree = "<group>"; };
		DA86C0000F75C4A200CC6EBE /* RestConfiguration.h */ = {isa = PBXFileReference; fileEncoding = 4; lastKnownFileType = sourcecode.c.h; path = RestConfiguration.h; sourceTree = "<group>"; };
		DA86C0010F75C4A200CC6EBE /* RestConfiguration.m */ = {isa = PBXFileReference; fileEncoding = 4; lastKnownFileType = sourcecode.c.objc; path = RestConfiguration.m; sourceTree = "<group>"; };
		DA86C0030F75C4CA00CC6EBE /* RestConfigurationTest.m */ = {isa = PBXFileReference; fileEncoding = 4; lastKnownFileType = sourcecode.c.objc; path = RestConfigurationTest.m; sourceTree = "<group>"; };
		DA86C18A0F778D8300CC6EBE /* NoAccountDataProfileDataSource.h */ = {isa = PBXFileReference; fileEncoding = 4; lastKnownFileType = sourcecode.c.h; path = NoAccountDataProfileDataSource.h; sourceTree = "<group>"; };
		DA86C18B0F778D8300CC6EBE /* NoAccountDataProfileDataSource.m */ = {isa = PBXFileReference; fileEncoding = 4; lastKnownFileType = sourcecode.c.objc; path = NoAccountDataProfileDataSource.m; sourceTree = "<group>"; };
		DA86C1AC0F77983E00CC6EBE /* NoAccountDataProfileDataSourceTest.m */ = {isa = PBXFileReference; fileEncoding = 4; lastKnownFileType = sourcecode.c.objc; path = NoAccountDataProfileDataSourceTest.m; sourceTree = "<group>"; };
		DA86C2E70F79629300CC6EBE /* RestfulRequests.h */ = {isa = PBXFileReference; fileEncoding = 4; lastKnownFileType = sourcecode.c.h; path = RestfulRequests.h; sourceTree = "<group>"; };
		DA86C2E80F79629300CC6EBE /* RestfulRequests.m */ = {isa = PBXFileReference; fileEncoding = 4; lastKnownFileType = sourcecode.c.objc; path = RestfulRequests.m; sourceTree = "<group>"; };
		DA86C2F00F7A2E8C00CC6EBE /* RestfulRequestsTest.m */ = {isa = PBXFileReference; fileEncoding = 4; lastKnownFileType = sourcecode.c.objc; path = RestfulRequestsTest.m; sourceTree = "<group>"; };
		DA86C2F80F7A3D4B00CC6EBE /* RestStubbing.h */ = {isa = PBXFileReference; fileEncoding = 4; lastKnownFileType = sourcecode.c.h; path = RestStubbing.h; sourceTree = "<group>"; };
		DA86C3280F7A433B00CC6EBE /* RestStubbing.m */ = {isa = PBXFileReference; fileEncoding = 4; lastKnownFileType = sourcecode.c.objc; path = RestStubbing.m; sourceTree = "<group>"; };
		DA9A712D0F8F9B7400F5580A /* LabelledTableViewCellTest.m */ = {isa = PBXFileReference; fileEncoding = 4; lastKnownFileType = sourcecode.c.objc; path = LabelledTableViewCellTest.m; sourceTree = "<group>"; };
		DA9A72500F93587400F5580A /* LoadsSingleObjectFromNib.h */ = {isa = PBXFileReference; fileEncoding = 4; lastKnownFileType = sourcecode.c.h; path = LoadsSingleObjectFromNib.h; sourceTree = "<group>"; };
		DA9A72510F93587400F5580A /* LoadsSingleObjectFromNib.m */ = {isa = PBXFileReference; fileEncoding = 4; lastKnownFileType = sourcecode.c.objc; path = LoadsSingleObjectFromNib.m; sourceTree = "<group>"; };
		DAA2E6520F8395AB0004D56E /* NewAccountViewControllerTest.m */ = {isa = PBXFileReference; fileEncoding = 4; lastKnownFileType = sourcecode.c.objc; path = NewAccountViewControllerTest.m; sourceTree = "<group>"; };
		DAA2E7320F83C3350004D56E /* AccountStubbing.h */ = {isa = PBXFileReference; fileEncoding = 4; lastKnownFileType = sourcecode.c.h; path = AccountStubbing.h; sourceTree = "<group>"; };
		DAA2E7330F83C3350004D56E /* AccountStubbing.m */ = {isa = PBXFileReference; fileEncoding = 4; lastKnownFileType = sourcecode.c.objc; path = AccountStubbing.m; sourceTree = "<group>"; };
		DAA2E7530F83D3220004D56E /* DateHelper.h */ = {isa = PBXFileReference; fileEncoding = 4; lastKnownFileType = sourcecode.c.h; path = DateHelper.h; sourceTree = "<group>"; };
		DAA2E7540F83D3220004D56E /* DateHelper.m */ = {isa = PBXFileReference; fileEncoding = 4; lastKnownFileType = sourcecode.c.objc; path = DateHelper.m; sourceTree = "<group>"; };
		DAD6EC300F8B5C950045C2A4 /* AccountObserver.h */ = {isa = PBXFileReference; fileEncoding = 4; lastKnownFileType = sourcecode.c.h; path = AccountObserver.h; sourceTree = "<group>"; };
		DADF81A10F85682F00DEACA0 /* background.png */ = {isa = PBXFileReference; lastKnownFileType = image.png; path = background.png; sourceTree = "<group>"; };
		DADF82C60F86267600DEACA0 /* NSDictionary+RemoveNullsTest.m */ = {isa = PBXFileReference; fileEncoding = 4; lastKnownFileType = sourcecode.c.objc; path = "NSDictionary+RemoveNullsTest.m"; sourceTree = "<group>"; };
		DADF82C80F8626B200DEACA0 /* NSDictionary+RemoveNulls.h */ = {isa = PBXFileReference; fileEncoding = 4; lastKnownFileType = sourcecode.c.h; path = "NSDictionary+RemoveNulls.h"; sourceTree = "<group>"; };
		DADF82C90F8626B200DEACA0 /* NSDictionary+RemoveNulls.m */ = {isa = PBXFileReference; fileEncoding = 4; lastKnownFileType = sourcecode.c.objc; path = "NSDictionary+RemoveNulls.m"; sourceTree = "<group>"; };
		DADF832B0F86333F00DEACA0 /* TableSectionTest.m */ = {isa = PBXFileReference; fileEncoding = 4; lastKnownFileType = sourcecode.c.objc; path = TableSectionTest.m; sourceTree = "<group>"; };
		DADF832F0F86352500DEACA0 /* TableSection.h */ = {isa = PBXFileReference; fileEncoding = 4; lastKnownFileType = sourcecode.c.h; path = TableSection.h; sourceTree = "<group>"; };
		DADF83300F86352500DEACA0 /* TableSection.m */ = {isa = PBXFileReference; fileEncoding = 4; lastKnownFileType = sourcecode.c.objc; path = TableSection.m; sourceTree = "<group>"; };
		DADF836F0F86441500DEACA0 /* Editable.h */ = {isa = PBXFileReference; fileEncoding = 4; lastKnownFileType = sourcecode.c.h; path = Editable.h; sourceTree = "<group>"; };
		DADF83700F86441500DEACA0 /* Labelled.h */ = {isa = PBXFileReference; fileEncoding = 4; lastKnownFileType = sourcecode.c.h; path = Labelled.h; sourceTree = "<group>"; };
		DADF839B0F865A7200DEACA0 /* StaticTable.h */ = {isa = PBXFileReference; fileEncoding = 4; lastKnownFileType = sourcecode.c.h; path = StaticTable.h; sourceTree = "<group>"; };
		DADF839C0F865A7200DEACA0 /* StaticTable.m */ = {isa = PBXFileReference; fileEncoding = 4; lastKnownFileType = sourcecode.c.objc; path = StaticTable.m; sourceTree = "<group>"; };
		DADF83AA0F865D9800DEACA0 /* StaticTableTest.m */ = {isa = PBXFileReference; fileEncoding = 4; lastKnownFileType = sourcecode.c.objc; path = StaticTableTest.m; sourceTree = "<group>"; };
		DAE91B610F823122009CEE14 /* NSString+Regex.h */ = {isa = PBXFileReference; fileEncoding = 4; lastKnownFileType = sourcecode.c.h; path = "NSString+Regex.h"; sourceTree = "<group>"; };
		DAE91B620F823122009CEE14 /* NSString+Regex.m */ = {isa = PBXFileReference; fileEncoding = 4; lastKnownFileType = sourcecode.c.objc; path = "NSString+Regex.m"; sourceTree = "<group>"; };
		DAE91B640F823144009CEE14 /* NSString+RegexTest.m */ = {isa = PBXFileReference; fileEncoding = 4; lastKnownFileType = sourcecode.c.objc; path = "NSString+RegexTest.m"; sourceTree = "<group>"; };
		FC21C5030F12B3AC00436E7F /* Survey.h */ = {isa = PBXFileReference; fileEncoding = 4; lastKnownFileType = sourcecode.c.h; path = Survey.h; sourceTree = "<group>"; };
		FC21C5040F12B3AC00436E7F /* Survey.m */ = {isa = PBXFileReference; fileEncoding = 4; lastKnownFileType = sourcecode.c.objc; path = Survey.m; sourceTree = "<group>"; };
		FC9756840F13B2300077926E /* SurveyListViewController.h */ = {isa = PBXFileReference; fileEncoding = 4; lastKnownFileType = sourcecode.c.h; path = SurveyListViewController.h; sourceTree = "<group>"; };
		FC9756850F13B2300077926E /* SurveyListViewController.m */ = {isa = PBXFileReference; fileEncoding = 4; lastKnownFileType = sourcecode.c.objc; path = SurveyListViewController.m; sourceTree = "<group>"; };
		FC9756880F13B4070077926E /* SurveyListView.xib */ = {isa = PBXFileReference; lastKnownFileType = file.xib; path = SurveyListView.xib; sourceTree = "<group>"; };
/* End PBXFileReference section */

/* Begin PBXFrameworksBuildPhase section */
		1D60588F0D05DD3D006BFB54 /* Frameworks */ = {
			isa = PBXFrameworksBuildPhase;
			buildActionMask = 2147483647;
			files = (
				1D60589F0D05DD5A006BFB54 /* Foundation.framework in Frameworks */,
				1DF5F4E00D08C38300B7A737 /* UIKit.framework in Frameworks */,
				288765080DF74369002DB57D /* CoreGraphics.framework in Frameworks */,
			);
			runOnlyForDeploymentPostprocessing = 0;
		};
		D2F22B310EFBE9F60047CBFA /* Frameworks */ = {
			isa = PBXFrameworksBuildPhase;
			buildActionMask = 2147483647;
			files = (
				DA7F49BB0F7155890001E019 /* Foundation.framework in Frameworks */,
				DA7F49BA0F71557D0001E019 /* UIKit.framework in Frameworks */,
				DA7F49290F7150D00001E019 /* CoreGraphics.framework in Frameworks */,
			);
			runOnlyForDeploymentPostprocessing = 0;
		};
/* End PBXFrameworksBuildPhase section */

/* Begin PBXGroup section */
		080E96DDFE201D6D7F000001 /* Classes */ = {
			isa = PBXGroup;
			children = (
				0DD8C8440EF33DB900A20937 /* Models */,
				0D8DC8870EDE35B9007EC072 /* View Controllers */,
				1D3623240D0F684500981E51 /* JoeMetricAppDelegate.h */,
				1D3623250D0F684500981E51 /* JoeMetricAppDelegate.m */,
				DADF82C80F8626B200DEACA0 /* NSDictionary+RemoveNulls.h */,
				DADF82C90F8626B200DEACA0 /* NSDictionary+RemoveNulls.m */,
				D2A946700F7A75C000E6D9B6 /* SurveyManager.h */,
				D2A946710F7A75C000E6D9B6 /* SurveyManager.m */,
				D2A2AC5B0F8CE91C003973C8 /* AnswerManager.h */,
				D2A2AC5C0F8CE91C003973C8 /* AnswerManager.m */,
				D2A2AE3B0F8D2689003973C8 /* PictureUploader.h */,
				D2A2AE3C0F8D2689003973C8 /* PictureUploader.m */,
				DA83527A0F8E664E0073F848 /* NSObject+CleanUpProperties.h */,
				DA83527B0F8E664E0073F848 /* NSObject+CleanUpProperties.m */,
				DA9A72500F93587400F5580A /* LoadsSingleObjectFromNib.h */,
				DA9A72510F93587400F5580A /* LoadsSingleObjectFromNib.m */,
			);
			path = Classes;
			sourceTree = "<group>";
		};
		0D8DC8870EDE35B9007EC072 /* View Controllers */ = {
			isa = PBXGroup;
			children = (
				5488C43E0F8243A200B29C76 /* Wallet View Controllers */,
				54FA56FF0F6E444900939C65 /* Profile View Controllers */,
				D2F2EF680F602F8900A8BB57 /* Answer View Controllers */,
				FC9756830F13B20A0077926E /* Survey View Controllers */,
				0D68A3E80EDCD5CC007CE721 /* MainWindowViewController.h */,
				0D68A3E90EDCD5CC007CE721 /* MainWindowViewController.m */,
				DADF832F0F86352500DEACA0 /* TableSection.h */,
				DADF83300F86352500DEACA0 /* TableSection.m */,
				DADF839B0F865A7200DEACA0 /* StaticTable.h */,
				DADF839C0F865A7200DEACA0 /* StaticTable.m */,
			);
			name = "View Controllers";
			sourceTree = "<group>";
		};
		0DD8C8440EF33DB900A20937 /* Models */ = {
			isa = PBXGroup;
			children = (
				548D9B100F6AAE7300629CCE /* RestDelegate.h */,
				D2955DF60F3A36E6002675C9 /* Rest.h */,
				D2955DF70F3A36E6002675C9 /* Rest.m */,
				0DD8C8400EF33C3E00A20937 /* Question.h */,
				0DD8C8410EF33C3E00A20937 /* Question.m */,
				D2AD6B1A0EFFF66B00DB13FD /* Account.h */,
				D2AD6B1B0EFFF66B00DB13FD /* Account.m */,
				FC21C5030F12B3AC00436E7F /* Survey.h */,
				FC21C5040F12B3AC00436E7F /* Survey.m */,
				D2C6934C0F669F600009E3A7 /* Answer.h */,
				D2C6934D0F669F600009E3A7 /* Answer.m */,
				548D9B120F6AAEC100629CCE /* ResourceDelegate.h */,
				DA86C0000F75C4A200CC6EBE /* RestConfiguration.h */,
				DA86C0010F75C4A200CC6EBE /* RestConfiguration.m */,
				DA86C2E70F79629300CC6EBE /* RestfulRequests.h */,
				DA86C2E80F79629300CC6EBE /* RestfulRequests.m */,
				DAD6EC300F8B5C950045C2A4 /* AccountObserver.h */,
			);
			name = Models;
			sourceTree = "<group>";
		};
		0DF9E1EB0EF2ED1800A522A1 /* Images */ = {
			isa = PBXGroup;
			children = (
				54F817C60F8E339100EC1909 /* surveylist_header.png */,
				541654E70F864BFE00B7CCF2 /* wallet_header.png */,
				541654E00F864AC700B7CCF2 /* green_lozenge.png */,
				541654E10F864AC700B7CCF2 /* red_lozenge.png */,
				0DF9E2290EF2F4FC00A522A1 /* profile.png */,
				392676550F61A01600A889B8 /* refresh_icon.png */,
				0DF9E22F0EF2F61A00A522A1 /* user.png */,
				0DF9E22A0EF2F4FC00A522A1 /* question.png */,
				0DF9E22B0EF2F4FC00A522A1 /* wallet.png */,
				0DF9E1ED0EF2ED3400A522A1 /* Icon.png */,
			);
			name = Images;
			path = Classes;
			sourceTree = "<group>";
		};
		19C28FACFE9D520D11CA2CBB /* Products */ = {
			isa = PBXGroup;
			children = (
				1D6058910D05DD3D006BFB54 /* JoeMetric.app */,
				D2F22B330EFBE9F60047CBFA /* Unit Test.app */,
			);
			name = Products;
			sourceTree = "<group>";
		};
		29B97314FDCFA39411CA2CEA /* JoeMetric */ = {
			isa = PBXGroup;
			children = (
				D266E0130F3A400200C20691 /* JSON */,
				080E96DDFE201D6D7F000001 /* Classes */,
				29B97315FDCFA39411CA2CEA /* Other Sources */,
				D2F22B860EFBF0A60047CBFA /* UnitTests */,
				29B97317FDCFA39411CA2CEA /* Resources */,
				29B97323FDCFA39411CA2CEA /* Frameworks */,
				19C28FACFE9D520D11CA2CBB /* Products */,
				D2F22B490EFBEA0D0047CBFA /* Google Toolkit */,
				D2F22B350EFBE9F60047CBFA /* Unit Test-Info.plist */,
				54D2A5620F6C53D800C0C316 /* Settings.bundle */,
			);
			name = JoeMetric;
			sourceTree = "<group>";
		};
		29B97315FDCFA39411CA2CEA /* Other Sources */ = {
			isa = PBXGroup;
			children = (
				28A0AB4B0D9B1048005BE974 /* JoeMetric_Prefix.pch */,
				29B97316FDCFA39411CA2CEA /* main.m */,
			);
			name = "Other Sources";
			sourceTree = "<group>";
		};
		29B97317FDCFA39411CA2CEA /* Resources */ = {
			isa = PBXGroup;
			children = (
				DADF81A10F85682F00DEACA0 /* background.png */,
				D2F2EF9F0F60386600A8BB57 /* Answer Views */,
				0DF9E1EB0EF2ED1800A522A1 /* Images */,
				28AD73870D9D96C1002E5188 /* MainWindow.xib */,
				8D1107310486CEB800E47090 /* Info.plist */,
				548D9BC10F6AB49900629CCE /* CredentialsView.xib */,
				0D68A3C80EDCD2DB007CE721 /* QuestionListView.xib */,
				0D68A3D00EDCD38E007CE721 /* WalletView.xib */,
				DA7F48BB0F7142650001E019 /* LabelledTableViewReadOnlyCell.xib */,
				0D68A3D60EDCD3EF007CE721 /* ProfileView.xib */,
				0DF9E3140EF3065200A522A1 /* QuestionView.xib */,
				0DD8C95D0EF487C900A20937 /* SurveyQuestionView.xib */,
				FC9756880F13B4070077926E /* SurveyListView.xib */,
				D2F2EFF60F606ACD00A8BB57 /* SurveyInfoView.xib */,
				547608D00F6E5B6B007CCC58 /* NewAccountView.xib */,
				5420E3120F6E7F5B00DC2BDE /* LabelledTableViewCell.xib */,
				54A630370F6EAA6D0038382D /* SegmentedTableViewCell.xib */,
				54A6308F0F6EB2D20038382D /* DatePickerView.xib */,
				5488C43B0F8241DE00B29C76 /* WalletViewTableCell.xib */,
				54F817E20F8E347400EC1909 /* SurveyListViewTableCell.xib */,
			);
			name = Resources;
			sourceTree = "<group>";
		};
		29B97323FDCFA39411CA2CEA /* Frameworks */ = {
			isa = PBXGroup;
			children = (
				1DF5F4DF0D08C38300B7A737 /* UIKit.framework */,
				1D30AB110D05D00D00671497 /* Foundation.framework */,
				288765070DF74369002DB57D /* CoreGraphics.framework */,
			);
			name = Frameworks;
			sourceTree = "<group>";
		};
		5488C43E0F8243A200B29C76 /* Wallet View Controllers */ = {
			isa = PBXGroup;
			children = (
				0D68A3CD0EDCD37A007CE721 /* WalletViewController.h */,
				0D68A3CE0EDCD37A007CE721 /* WalletViewController.m */,
				5488C43F0F8243C500B29C76 /* WalletViewTableCell.h */,
				5488C4400F8243C500B29C76 /* WalletViewTableCell.m */,
			);
			name = "Wallet View Controllers";
			sourceTree = "<group>";
		};
		54FA56FF0F6E444900939C65 /* Profile View Controllers */ = {
			isa = PBXGroup;
			children = (
				DADF836F0F86441500DEACA0 /* Editable.h */,
				DADF83700F86441500DEACA0 /* Labelled.h */,
				0D68A3D30EDCD3D6007CE721 /* ProfileViewController.h */,
				0D68A3D40EDCD3D6007CE721 /* ProfileViewController.m */,
				548D9BC40F6AB5D100629CCE /* CredentialsViewController.h */,
				548D9BC50F6AB5D100629CCE /* CredentialsViewController.m */,
				54FA56F90F6E439200939C65 /* NoCredentialsProfileDataSource.h */,
				54FA56FA0F6E439200939C65 /* NoCredentialsProfileDataSource.m */,
				54FA56FC0F6E43F100939C65 /* ValidCredentialsProfileDataSource.h */,
				54FA56FD0F6E43F100939C65 /* ValidCredentialsProfileDataSource.m */,
				547608CC0F6E5B37007CCC58 /* NewAccountViewController.h */,
				547608CD0F6E5B37007CCC58 /* NewAccountViewController.m */,
				54A630340F6EA99B0038382D /* SegmentedTableViewCell.h */,
				54A630350F6EA99B0038382D /* SegmentedTableViewCell.m */,
				54A630890F6EB2240038382D /* DatePickerViewController.h */,
				54A6308A0F6EB2240038382D /* DatePickerViewController.m */,
				5420E3150F6E82E800DC2BDE /* LabelledTableViewCell.h */,
				5420E3160F6E82E800DC2BDE /* LabelledTableViewCell.m */,
				DA7F48BF0F7143890001E019 /* LabelledTableViewReadOnlyCell.h */,
				DA7F48C00F7143890001E019 /* LabelledTableViewReadOnlyCell.m */,
				DA86C18A0F778D8300CC6EBE /* NoAccountDataProfileDataSource.h */,
				DA86C18B0F778D8300CC6EBE /* NoAccountDataProfileDataSource.m */,
			);
			name = "Profile View Controllers";
			sourceTree = "<group>";
		};
		D266E0130F3A400200C20691 /* JSON */ = {
			isa = PBXGroup;
			children = (
				D266E0140F3A400200C20691 /* JSON.h */,
				D266E0150F3A400200C20691 /* NSObject+SBJSON.h */,
				D266E0160F3A400200C20691 /* NSObject+SBJSON.m */,
				D266E0170F3A400200C20691 /* NSString+SBJSON.h */,
				D266E0180F3A400200C20691 /* NSString+SBJSON.m */,
				D266E0190F3A400200C20691 /* SBJSON.h */,
				D266E01A0F3A400200C20691 /* SBJSON.m */,
			);
			path = JSON;
			sourceTree = "<group>";
		};
		D2F22B490EFBEA0D0047CBFA /* Google Toolkit */ = {
			isa = PBXGroup;
			children = (
				D2F22B3A0EFBEA090047CBFA /* GTMDefines.h */,
				D2F22B3B0EFBEA090047CBFA /* GTMIPhoneUnitTestDelegate.h */,
				D2F22B3C0EFBEA090047CBFA /* GTMIPhoneUnitTestDelegate.m */,
				D2F22B3D0EFBEA090047CBFA /* GTMIPhoneUnitTestMain.m */,
				D2F22B3E0EFBEA090047CBFA /* GTMSenTestCase.h */,
				D2F22B3F0EFBEA090047CBFA /* GTMSenTestCase.m */,
			);
			name = "Google Toolkit";
			sourceTree = "<group>";
		};
		D2F22B860EFBF0A60047CBFA /* UnitTests */ = {
			isa = PBXGroup;
			children = (
				DA83511F0F8E175F0073F848 /* CredentialsViewControllerTest.m */,
				DA8351100F8E103C0073F848 /* UIView+EasySubviewLabelAccess.h */,
				DA8351110F8E103C0073F848 /* UIView+EasySubviewLabelAccess.m */,
				DA86BEBB0F73E42700CC6EBE /* AccountTest.m */,
				DA86BEBC0F73E42700CC6EBE /* ProfileViewControllerTest.m */,
				DA86BEBD0F73E42700CC6EBE /* QuestionTest.h */,
				DA86BEBE0F73E42700CC6EBE /* QuestionTest.m */,
				DA86BEBF0F73E42700CC6EBE /* SurveyTest.h */,
				DA86BEC00F73E42700CC6EBE /* SurveyTest.m */,
				DA86BEC10F73E42700CC6EBE /* ValidCredentialsProfileDataSourceTest.m */,
				DA86BEC70F73E45D00CC6EBE /* RestTest.m */,
				DA86C0030F75C4CA00CC6EBE /* RestConfigurationTest.m */,
				DA86C1AC0F77983E00CC6EBE /* NoAccountDataProfileDataSourceTest.m */,
				DA86C2F00F7A2E8C00CC6EBE /* RestfulRequestsTest.m */,
				DA86C2F80F7A3D4B00CC6EBE /* RestStubbing.h */,
				DA86C3280F7A433B00CC6EBE /* RestStubbing.m */,
				DAE91B610F823122009CEE14 /* NSString+Regex.h */,
				DAE91B620F823122009CEE14 /* NSString+Regex.m */,
				DAE91B640F823144009CEE14 /* NSString+RegexTest.m */,
				DAA2E6520F8395AB0004D56E /* NewAccountViewControllerTest.m */,
				DAA2E7320F83C3350004D56E /* AccountStubbing.h */,
				DAA2E7330F83C3350004D56E /* AccountStubbing.m */,
				DAA2E7530F83D3220004D56E /* DateHelper.h */,
				DAA2E7540F83D3220004D56E /* DateHelper.m */,
				DADF82C60F86267600DEACA0 /* NSDictionary+RemoveNullsTest.m */,
				DADF832B0F86333F00DEACA0 /* TableSectionTest.m */,
				DADF83AA0F865D9800DEACA0 /* StaticTableTest.m */,
				DA5367DB0F86B817001127B0 /* StubCellWithError.h */,
				DA5367DC0F86B817001127B0 /* StubCellWithError.m */,
				DA83527E0F8E66ED0073F848 /* NSObject+CleanUpPropertiesTest.m */,
				DA8353390F8F7BEB0073F848 /* DatePickerViewControllerTest.m */,
				DA9A712D0F8F9B7400F5580A /* LabelledTableViewCellTest.m */,
			);
			path = UnitTests;
			sourceTree = "<group>";
		};
		D2F2EF680F602F8900A8BB57 /* Answer View Controllers */ = {
			isa = PBXGroup;
			children = (
				D2F2EF990F60384E00A8BB57 /* FreeTextAnswerController.h */,
				D2F2EF9A0F60384E00A8BB57 /* FreeTextAnswerController.m */,
				D2F2EF9C0F60385A00A8BB57 /* PictureAnswerController.h */,
				D2F2EF9D0F60385A00A8BB57 /* PictureAnswerController.m */,
			);
			name = "Answer View Controllers";
			sourceTree = "<group>";
		};
		D2F2EF9F0F60386600A8BB57 /* Answer Views */ = {
			isa = PBXGroup;
			children = (
				D2F2EFA20F60389100A8BB57 /* FreeTextAnswerView.xib */,
				D2F2EFA40F60389D00A8BB57 /* PictureAnswerView.xib */,
			);
			name = "Answer Views";
			sourceTree = "<group>";
		};
		FC9756830F13B20A0077926E /* Survey View Controllers */ = {
			isa = PBXGroup;
			children = (
				0D68A3C50EDCD2B6007CE721 /* QuestionListViewController.h */,
				0D68A3C60EDCD2B6007CE721 /* QuestionListViewController.m */,
				FC9756840F13B2300077926E /* SurveyListViewController.h */,
				FC9756850F13B2300077926E /* SurveyListViewController.m */,
				D2F2EF730F6030EB00A8BB57 /* QuestionViewController.h */,
				D2F2EF740F6030EB00A8BB57 /* QuestionViewController.m */,
				D2F2EFF30F606AB500A8BB57 /* SurveyInfoViewController.h */,
				D2F2EFF40F606AB500A8BB57 /* SurveyInfoViewController.m */,
				54F817E60F8E64FE00EC1909 /* SurveyListViewTableCell.h */,
				54F817E70F8E64FE00EC1909 /* SurveyListViewTableCell.m */,
			);
			name = "Survey View Controllers";
			sourceTree = "<group>";
		};
/* End PBXGroup section */

/* Begin PBXNativeTarget section */
		1D6058900D05DD3D006BFB54 /* JoeMetric */ = {
			isa = PBXNativeTarget;
			buildConfigurationList = 1D6058960D05DD3E006BFB54 /* Build configuration list for PBXNativeTarget "JoeMetric" */;
			buildPhases = (
				1D60588D0D05DD3D006BFB54 /* Resources */,
				1D60588E0D05DD3D006BFB54 /* Sources */,
				1D60588F0D05DD3D006BFB54 /* Frameworks */,
			);
			buildRules = (
			);
			dependencies = (
			);
			name = JoeMetric;
			productName = JoeMetric;
			productReference = 1D6058910D05DD3D006BFB54 /* JoeMetric.app */;
			productType = "com.apple.product-type.application";
		};
		D2F22B320EFBE9F60047CBFA /* Unit Test */ = {
			isa = PBXNativeTarget;
			buildConfigurationList = D2F22B380EFBE9F70047CBFA /* Build configuration list for PBXNativeTarget "Unit Test" */;
			buildPhases = (
				D2F22B2F0EFBE9F60047CBFA /* Resources */,
				D2F22B300EFBE9F60047CBFA /* Sources */,
				D2F22B310EFBE9F60047CBFA /* Frameworks */,
				D2F22B570EFBEA270047CBFA /* ShellScript */,
			);
			buildRules = (
			);
			dependencies = (
			);
			name = "Unit Test";
			productName = "Unit Test";
			productReference = D2F22B330EFBE9F60047CBFA /* Unit Test.app */;
			productType = "com.apple.product-type.application";
		};
/* End PBXNativeTarget section */

/* Begin PBXProject section */
		29B97313FDCFA39411CA2CEA /* Project object */ = {
			isa = PBXProject;
			buildConfigurationList = C01FCF4E08A954540054247B /* Build configuration list for PBXProject "JoeMetric" */;
			compatibilityVersion = "Xcode 3.1";
			hasScannedForEncodings = 1;
			mainGroup = 29B97314FDCFA39411CA2CEA /* JoeMetric */;
			projectDirPath = "";
			projectRoot = "";
			targets = (
				1D6058900D05DD3D006BFB54 /* JoeMetric */,
				D2F22B320EFBE9F60047CBFA /* Unit Test */,
			);
		};
/* End PBXProject section */

/* Begin PBXResourcesBuildPhase section */
		1D60588D0D05DD3D006BFB54 /* Resources */ = {
			isa = PBXResourcesBuildPhase;
			buildActionMask = 2147483647;
			files = (
				54A630380F6EAA6D0038382D /* SegmentedTableViewCell.xib in Resources */,
				28AD73880D9D96C1002E5188 /* MainWindow.xib in Resources */,
				0D68A3C90EDCD2DB007CE721 /* QuestionListView.xib in Resources */,
				0D68A3D10EDCD38E007CE721 /* WalletView.xib in Resources */,
				0D68A3D70EDCD3EF007CE721 /* ProfileView.xib in Resources */,
				0DF9E1F00EF2ED3400A522A1 /* Icon.png in Resources */,
				0DF9E22C0EF2F4FC00A522A1 /* profile.png in Resources */,
				0DF9E22D0EF2F4FC00A522A1 /* question.png in Resources */,
				0DF9E22E0EF2F4FC00A522A1 /* wallet.png in Resources */,
				0DF9E2300EF2F61A00A522A1 /* user.png in Resources */,
				0DF9E3150EF3065200A522A1 /* QuestionView.xib in Resources */,
				0DD8C95E0EF487C900A20937 /* SurveyQuestionView.xib in Resources */,
				FC9756890F13B4070077926E /* SurveyListView.xib in Resources */,
				D2F2EFA30F60389100A8BB57 /* FreeTextAnswerView.xib in Resources */,
				D2F2EFA50F60389D00A8BB57 /* PictureAnswerView.xib in Resources */,
				D2F2EFF70F606ACD00A8BB57 /* SurveyInfoView.xib in Resources */,
				392676560F61A01600A889B8 /* refresh_icon.png in Resources */,
				548D9BC20F6AB49900629CCE /* CredentialsView.xib in Resources */,
				54D2A5630F6C53D800C0C316 /* Settings.bundle in Resources */,
				547608D10F6E5B6B007CCC58 /* NewAccountView.xib in Resources */,
				5420E3130F6E7F5B00DC2BDE /* LabelledTableViewCell.xib in Resources */,
				54A630900F6EB2D20038382D /* DatePickerView.xib in Resources */,
				DA7F48BC0F7142660001E019 /* LabelledTableViewReadOnlyCell.xib in Resources */,
				5488C43C0F8241DE00B29C76 /* WalletViewTableCell.xib in Resources */,
				DADF81A20F85682F00DEACA0 /* background.png in Resources */,
				541654E30F864AC700B7CCF2 /* green_lozenge.png in Resources */,
				541654E40F864AC700B7CCF2 /* red_lozenge.png in Resources */,
				541654E80F864BFE00B7CCF2 /* wallet_header.png in Resources */,
				54F817C70F8E339100EC1909 /* surveylist_header.png in Resources */,
				54F817E30F8E347400EC1909 /* SurveyListViewTableCell.xib in Resources */,
			);
			runOnlyForDeploymentPostprocessing = 0;
		};
		D2F22B2F0EFBE9F60047CBFA /* Resources */ = {
			isa = PBXResourcesBuildPhase;
			buildActionMask = 2147483647;
			files = (
				DA83513F0F8E208D0073F848 /* CredentialsView.xib in Resources */,
				DA8353530F8F8BE90073F848 /* DatePickerView.xib in Resources */,
				DAA2E6F80F83B5F40004D56E /* NewAccountView.xib in Resources */,
				DAA2E6840F83A3970004D56E /* SegmentedTableViewCell.xib in Resources */,
				DAA2E6540F839FA20004D56E /* LabelledTableViewCell.xib in Resources */,
				DA7F49DC0F715E400001E019 /* LabelledTableViewReadOnlyCell.xib in Resources */,
				FC97568A0F13B4070077926E /* SurveyListView.xib in Resources */,
			);
			runOnlyForDeploymentPostprocessing = 0;
		};
/* End PBXResourcesBuildPhase section */

/* Begin PBXShellScriptBuildPhase section */
		D2F22B570EFBEA270047CBFA /* ShellScript */ = {
			isa = PBXShellScriptBuildPhase;
			buildActionMask = 2147483647;
			files = (
			);
			inputPaths = (
			);
			outputPaths = (
			);
			runOnlyForDeploymentPostprocessing = 0;
			shellPath = /bin/sh;
			shellScript = ./GoogleToolkit/RunIPhoneUnitTest.sh;
		};
/* End PBXShellScriptBuildPhase section */

/* Begin PBXSourcesBuildPhase section */
		1D60588E0D05DD3D006BFB54 /* Sources */ = {
			isa = PBXSourcesBuildPhase;
			buildActionMask = 2147483647;
			files = (
				1D60589B0D05DD56006BFB54 /* main.m in Sources */,
				1D3623260D0F684500981E51 /* JoeMetricAppDelegate.m in Sources */,
				0D68A3C70EDCD2B6007CE721 /* QuestionListViewController.m in Sources */,
				0D68A3CF0EDCD37A007CE721 /* WalletViewController.m in Sources */,
				0D68A3D50EDCD3D6007CE721 /* ProfileViewController.m in Sources */,
				0D68A3EA0EDCD5CC007CE721 /* MainWindowViewController.m in Sources */,
				0DD8C8420EF33C3E00A20937 /* Question.m in Sources */,
				D2AD6B1D0EFFF66B00DB13FD /* Account.m in Sources */,
				FC21C5050F12B3AC00436E7F /* Survey.m in Sources */,
				FC9756860F13B2300077926E /* SurveyListViewController.m in Sources */,
				D2955DFB0F3A36E6002675C9 /* Rest.m in Sources */,
				D266E01B0F3A400200C20691 /* NSObject+SBJSON.m in Sources */,
				D266E01C0F3A400200C20691 /* NSString+SBJSON.m in Sources */,
				D266E01D0F3A400200C20691 /* SBJSON.m in Sources */,
				DA86C0A00F75EB9D00CC6EBE /* RestConfiguration.m in Sources */,
				D2F2EF750F6030EB00A8BB57 /* QuestionViewController.m in Sources */,
				D2F2EF9B0F60384E00A8BB57 /* FreeTextAnswerController.m in Sources */,
				D2F2EF9E0F60385A00A8BB57 /* PictureAnswerController.m in Sources */,
				D2F2EFF50F606AB500A8BB57 /* SurveyInfoViewController.m in Sources */,
				D2C6934E0F669F600009E3A7 /* Answer.m in Sources */,
				548D9BC60F6AB5D100629CCE /* CredentialsViewController.m in Sources */,
				54FA56FB0F6E439200939C65 /* NoCredentialsProfileDataSource.m in Sources */,
				54FA56FE0F6E43F100939C65 /* ValidCredentialsProfileDataSource.m in Sources */,
				547608CE0F6E5B37007CCC58 /* NewAccountViewController.m in Sources */,
				5420E3170F6E82E800DC2BDE /* LabelledTableViewCell.m in Sources */,
				54A630360F6EA99B0038382D /* SegmentedTableViewCell.m in Sources */,
				54A6308B0F6EB2240038382D /* DatePickerViewController.m in Sources */,
				DA7F48C10F7143890001E019 /* LabelledTableViewReadOnlyCell.m in Sources */,
				DA86C18D0F778D8400CC6EBE /* NoAccountDataProfileDataSource.m in Sources */,
				DA86C2EA0F79629300CC6EBE /* RestfulRequests.m in Sources */,
				5488C4410F8243C500B29C76 /* WalletViewTableCell.m in Sources */,
				DADF82CB0F8626B200DEACA0 /* NSDictionary+RemoveNulls.m in Sources */,
				DADF83320F86352500DEACA0 /* TableSection.m in Sources */,
				DADF839E0F865A7200DEACA0 /* StaticTable.m in Sources */,
				D2A946730F7A75C000E6D9B6 /* SurveyManager.m in Sources */,
				54F817E80F8E64FE00EC1909 /* SurveyListViewTableCell.m in Sources */,
				D2A2AC5D0F8CE91C003973C8 /* AnswerManager.m in Sources */,
				D2A2AE3D0F8D2689003973C8 /* PictureUploader.m in Sources */,
				DA83527D0F8E664E0073F848 /* NSObject+CleanUpProperties.m in Sources */,
				DA9A72520F93587400F5580A /* LoadsSingleObjectFromNib.m in Sources */,
			);
			runOnlyForDeploymentPostprocessing = 0;
		};
		D2F22B300EFBE9F60047CBFA /* Sources */ = {
			isa = PBXSourcesBuildPhase;
			buildActionMask = 2147483647;
			files = (
				DAA2E6680F83A0160004D56E /* LabelledTableViewCell.m in Sources */,
				DA86BE730F72B29C00CC6EBE /* ProfileViewController.m in Sources */,
				DAA2E6750F83A2970004D56E /* SegmentedTableViewCell.m in Sources */,
				DA7F49080F71506A0001E019 /* ValidCredentialsProfileDataSource.m in Sources */,
				D255487C0F13C2950098100B /* Survey.m in Sources */,
				D2F22BB20EFBF3C30047CBFA /* Question.m in Sources */,
				D2F22B400EFBEA090047CBFA /* GTMIPhoneUnitTestDelegate.m in Sources */,
				D2F22B410EFBEA090047CBFA /* GTMIPhoneUnitTestMain.m in Sources */,
				D2F22B420EFBEA090047CBFA /* GTMSenTestCase.m in Sources */,
				DA86BE760F72B2D400CC6EBE /* CredentialsViewController.m in Sources */,
				D2AD6B1C0EFFF66B00DB13FD /* Account.m in Sources */,
				DA86BE780F72B2FB00CC6EBE /* NoCredentialsProfileDataSource.m in Sources */,
				DA86BE770F72B2E300CC6EBE /* NewAccountViewController.m in Sources */,
				D2955DF90F3A36E6002675C9 /* Rest.m in Sources */,
				D266E01E0F3A400200C20691 /* NSObject+SBJSON.m in Sources */,
				DA86BE7A0F72B31900CC6EBE /* DatePickerViewController.m in Sources */,
				DA7F49DF0F715EF70001E019 /* LabelledTableViewReadOnlyCell.m in Sources */,
				D266E01F0F3A400200C20691 /* NSString+SBJSON.m in Sources */,
				D266E0200F3A400200C20691 /* SBJSON.m in Sources */,
				D2C6934F0F669F600009E3A7 /* Answer.m in Sources */,
				DA86BEC20F73E42700CC6EBE /* AccountTest.m in Sources */,
				DA86BEC30F73E42700CC6EBE /* ProfileViewControllerTest.m in Sources */,
				DA86BEC40F73E42700CC6EBE /* QuestionTest.m in Sources */,
				DA86BEC50F73E42700CC6EBE /* SurveyTest.m in Sources */,
				DA86BEC60F73E42700CC6EBE /* ValidCredentialsProfileDataSourceTest.m in Sources */,
				DA86BEC80F73E45D00CC6EBE /* RestTest.m in Sources */,
				DA86C0020F75C4A200CC6EBE /* RestConfiguration.m in Sources */,
				DA86C0040F75C4CA00CC6EBE /* RestConfigurationTest.m in Sources */,
				DA86C18C0F778D8300CC6EBE /* NoAccountDataProfileDataSource.m in Sources */,
				DA86C1AD0F77983E00CC6EBE /* NoAccountDataProfileDataSourceTest.m in Sources */,
				DA86C2E90F79629300CC6EBE /* RestfulRequests.m in Sources */,
				DA86C2F10F7A2E8C00CC6EBE /* RestfulRequestsTest.m in Sources */,
				DA86C3290F7A433B00CC6EBE /* RestStubbing.m in Sources */,
				DAE91B630F823122009CEE14 /* NSString+Regex.m in Sources */,
				DAE91B650F823144009CEE14 /* NSString+RegexTest.m in Sources */,
				DAA2E6530F8395AB0004D56E /* NewAccountViewControllerTest.m in Sources */,
				DAA2E7340F83C3350004D56E /* AccountStubbing.m in Sources */,
				DAA2E7550F83D3220004D56E /* DateHelper.m in Sources */,
				DADF82C70F86267600DEACA0 /* NSDictionary+RemoveNullsTest.m in Sources */,
				DADF82CA0F8626B200DEACA0 /* NSDictionary+RemoveNulls.m in Sources */,
				DADF832C0F86333F00DEACA0 /* TableSectionTest.m in Sources */,
				DADF83310F86352500DEACA0 /* TableSection.m in Sources */,
				DADF839D0F865A7200DEACA0 /* StaticTable.m in Sources */,
				DADF83AB0F865D9800DEACA0 /* StaticTableTest.m in Sources */,
				DA5367DD0F86B817001127B0 /* StubCellWithError.m in Sources */,
				D2A946720F7A75C000E6D9B6 /* SurveyManager.m in Sources */,
				DA8351120F8E103C0073F848 /* UIView+EasySubviewLabelAccess.m in Sources */,
				DA8351210F8E175F0073F848 /* CredentialsViewControllerTest.m in Sources */,
				D2A2AC5E0F8CE91C003973C8 /* AnswerManager.m in Sources */,
				D2A2AE3E0F8D2689003973C8 /* PictureUploader.m in Sources */,
				DA83527C0F8E664E0073F848 /* NSObject+CleanUpProperties.m in Sources */,
				DA83527F0F8E66ED0073F848 /* NSObject+CleanUpPropertiesTest.m in Sources */,
				DA83533A0F8F7BEB0073F848 /* DatePickerViewControllerTest.m in Sources */,
				DA9A712E0F8F9B7400F5580A /* LabelledTableViewCellTest.m in Sources */,
				DA9A72530F93587400F5580A /* LoadsSingleObjectFromNib.m in Sources */,
			);
			runOnlyForDeploymentPostprocessing = 0;
		};
/* End PBXSourcesBuildPhase section */

/* Begin XCBuildConfiguration section */
		1D6058940D05DD3E006BFB54 /* Debug */ = {
			isa = XCBuildConfiguration;
			buildSettings = {
				ALWAYS_SEARCH_USER_PATHS = NO;
				"CODE_SIGN_IDENTITY[sdk=iphoneos*]" = "iPhone Developer: Paul Wilson";
				COPY_PHASE_STRIP = NO;
				FRAMEWORK_SEARCH_PATHS = (
					"$(inherited)",
					"\"$(SRCROOT)/../../../../Library/Frameworks\"",
					"\"$(SRCROOT)\"",
				);
				GCC_DYNAMIC_NO_PIC = NO;
				GCC_OPTIMIZATION_LEVEL = 0;
				GCC_PRECOMPILE_PREFIX_HEADER = YES;
				GCC_PREFIX_HEADER = JoeMetric_Prefix.pch;
				INFOPLIST_FILE = Info.plist;
				PRODUCT_NAME = JoeMetric;
				"PROVISIONING_PROFILE[sdk=iphoneos*]" = "66AC5C1E-4775-43F9-8D96-EFF8DBA01395";
			};
			name = Debug;
		};
		1D6058950D05DD3E006BFB54 /* Release */ = {
			isa = XCBuildConfiguration;
			buildSettings = {
				ALWAYS_SEARCH_USER_PATHS = NO;
				COPY_PHASE_STRIP = YES;
				FRAMEWORK_SEARCH_PATHS = (
					"$(inherited)",
					"\"$(SRCROOT)/../../../../Library/Frameworks\"",
					"\"$(SRCROOT)\"",
				);
				GCC_PRECOMPILE_PREFIX_HEADER = YES;
				GCC_PREFIX_HEADER = JoeMetric_Prefix.pch;
				INFOPLIST_FILE = Info.plist;
				PRODUCT_NAME = JoeMetric;
			};
			name = Release;
		};
		C01FCF4F08A954540054247B /* Debug */ = {
			isa = XCBuildConfiguration;
			buildSettings = {
				ARCHS = "$(ARCHS_STANDARD_32_BIT)";
				"CODE_SIGN_IDENTITY[sdk=iphoneos*]" = "iPhone Developer";
				GCC_C_LANGUAGE_STANDARD = c99;
				GCC_WARN_ABOUT_RETURN_TYPE = YES;
				GCC_WARN_UNUSED_VARIABLE = YES;
				ONLY_ACTIVE_ARCH = YES;
				PREBINDING = NO;
				SDKROOT = iphoneos2.1;
			};
			name = Debug;
		};
		C01FCF5008A954540054247B /* Release */ = {
			isa = XCBuildConfiguration;
			buildSettings = {
				ARCHS = "$(ARCHS_STANDARD_32_BIT)";
				"CODE_SIGN_IDENTITY[sdk=iphoneos*]" = "iPhone Developer";
				GCC_C_LANGUAGE_STANDARD = c99;
				GCC_WARN_ABOUT_RETURN_TYPE = YES;
				GCC_WARN_UNUSED_VARIABLE = YES;
				PREBINDING = NO;
				SDKROOT = iphoneos2.1;
			};
			name = Release;
		};
		D2F22B360EFBE9F70047CBFA /* Debug */ = {
			isa = XCBuildConfiguration;
			buildSettings = {
				ALWAYS_SEARCH_USER_PATHS = NO;
				CODE_SIGN_IDENTITY = "iPhone Developer";
				COPY_PHASE_STRIP = NO;
				FRAMEWORK_SEARCH_PATHS = (
					"$(inherited)",
					"\"$(SRCROOT)/../../../../Library/Frameworks\"",
					"\"$(SRCROOT)\"",
				);
				GCC_DYNAMIC_NO_PIC = NO;
				GCC_GENERATE_TEST_COVERAGE_FILES = YES;
				GCC_INSTRUMENT_PROGRAM_FLOW_ARCS = YES;
				GCC_OPTIMIZATION_LEVEL = 0;
				GCC_PRECOMPILE_PREFIX_HEADER = YES;
				GCC_PREFIX_HEADER = "$(SYSTEM_LIBRARY_DIR)/Frameworks/UIKit.framework/Headers/UIKit.h";
				INFOPLIST_FILE = "Unit Test-Info.plist";
				INSTALL_PATH = "$(HOME)/Applications";
				OTHER_LDFLAGS = (
					"-framework",
					Foundation,
					"-framework",
					UIKit,
					"-lgcov",
				);
				PREBINDING = NO;
				PRODUCT_NAME = "Unit Test";
				SDKROOT = iphoneos2.1;
			};
			name = Debug;
		};
		D2F22B370EFBE9F70047CBFA /* Release */ = {
			isa = XCBuildConfiguration;
			buildSettings = {
				ALWAYS_SEARCH_USER_PATHS = NO;
				CODE_SIGN_IDENTITY = "iPhone Developer";
				COPY_PHASE_STRIP = YES;
				DEBUG_INFORMATION_FORMAT = "dwarf-with-dsym";
				FRAMEWORK_SEARCH_PATHS = (
					"$(inherited)",
					"\"$(SRCROOT)/../../../../Library/Frameworks\"",
					"\"$(SRCROOT)\"",
				);
				GCC_ENABLE_FIX_AND_CONTINUE = NO;
				GCC_GENERATE_TEST_COVERAGE_FILES = YES;
				GCC_INSTRUMENT_PROGRAM_FLOW_ARCS = YES;
				GCC_PRECOMPILE_PREFIX_HEADER = YES;
				GCC_PREFIX_HEADER = "$(SYSTEM_LIBRARY_DIR)/Frameworks/UIKit.framework/Headers/UIKit.h";
				INFOPLIST_FILE = "Unit Test-Info.plist";
				INSTALL_PATH = "$(HOME)/Applications";
				OTHER_LDFLAGS = (
					"-framework",
					Foundation,
					"-framework",
					UIKit,
					"-lgcov",
				);
				PREBINDING = NO;
				PRODUCT_NAME = "Unit Test";
				SDKROOT = iphoneos2.1;
				ZERO_LINK = NO;
			};
			name = Release;
		};
/* End XCBuildConfiguration section */

/* Begin XCConfigurationList section */
		1D6058960D05DD3E006BFB54 /* Build configuration list for PBXNativeTarget "JoeMetric" */ = {
			isa = XCConfigurationList;
			buildConfigurations = (
				1D6058940D05DD3E006BFB54 /* Debug */,
				1D6058950D05DD3E006BFB54 /* Release */,
			);
			defaultConfigurationIsVisible = 0;
			defaultConfigurationName = Release;
		};
		C01FCF4E08A954540054247B /* Build configuration list for PBXProject "JoeMetric" */ = {
			isa = XCConfigurationList;
			buildConfigurations = (
				C01FCF4F08A954540054247B /* Debug */,
				C01FCF5008A954540054247B /* Release */,
			);
			defaultConfigurationIsVisible = 0;
			defaultConfigurationName = Release;
		};
		D2F22B380EFBE9F70047CBFA /* Build configuration list for PBXNativeTarget "Unit Test" */ = {
			isa = XCConfigurationList;
			buildConfigurations = (
				D2F22B360EFBE9F70047CBFA /* Debug */,
				D2F22B370EFBE9F70047CBFA /* Release */,
			);
			defaultConfigurationIsVisible = 0;
			defaultConfigurationName = Release;
		};
/* End XCConfigurationList section */
	};
	rootObject = 29B97313FDCFA39411CA2CEA /* Project object */;
}
