// !$*UTF8*$!
{
	archiveVersion = 1;
	classes = {
	};
	objectVersion = 45;
	objects = {

/* Begin PBXBuildFile section */
		0D53AC070EF6B6F0000533C1 /* QuestionList.m in Sources */ = {isa = PBXBuildFile; fileRef = 0D53AC060EF6B6F0000533C1 /* QuestionList.m */; };
		0D68A3C70EDCD2B6007CE721 /* QuestionsListViewController.m in Sources */ = {isa = PBXBuildFile; fileRef = 0D68A3C60EDCD2B6007CE721 /* QuestionsListViewController.m */; };
		0D68A3C90EDCD2DB007CE721 /* QuestionsView.xib in Resources */ = {isa = PBXBuildFile; fileRef = 0D68A3C80EDCD2DB007CE721 /* QuestionsView.xib */; };
		0D68A3CF0EDCD37A007CE721 /* WalletViewController.m in Sources */ = {isa = PBXBuildFile; fileRef = 0D68A3CE0EDCD37A007CE721 /* WalletViewController.m */; };
		0D68A3D10EDCD38E007CE721 /* WalletView.xib in Resources */ = {isa = PBXBuildFile; fileRef = 0D68A3D00EDCD38E007CE721 /* WalletView.xib */; };
		0D68A3D50EDCD3D6007CE721 /* ProfileViewController.m in Sources */ = {isa = PBXBuildFile; fileRef = 0D68A3D40EDCD3D6007CE721 /* ProfileViewController.m */; };
		0D68A3D70EDCD3EF007CE721 /* ProfileView.xib in Resources */ = {isa = PBXBuildFile; fileRef = 0D68A3D60EDCD3EF007CE721 /* ProfileView.xib */; };
		0D68A3EA0EDCD5CC007CE721 /* MainWindowViewController.m in Sources */ = {isa = PBXBuildFile; fileRef = 0D68A3E90EDCD5CC007CE721 /* MainWindowViewController.m */; };
		0DD8C8420EF33C3E00A20937 /* Question.m in Sources */ = {isa = PBXBuildFile; fileRef = 0DD8C8410EF33C3E00A20937 /* Question.m */; };
		0DD8C95E0EF487C900A20937 /* SurveyQuestionView.xib in Resources */ = {isa = PBXBuildFile; fileRef = 0DD8C95D0EF487C900A20937 /* SurveyQuestionView.xib */; };
		0DD8C9620EF4884D00A20937 /* SurveyQuestionViewController.m in Sources */ = {isa = PBXBuildFile; fileRef = 0DD8C9610EF4884D00A20937 /* SurveyQuestionViewController.m */; };
		0DD8CA560EF4D43300A20937 /* QuestionViewController.m in Sources */ = {isa = PBXBuildFile; fileRef = 0DD8CA550EF4D43300A20937 /* QuestionViewController.m */; };
		0DF9E1F00EF2ED3400A522A1 /* Icon.png in Resources */ = {isa = PBXBuildFile; fileRef = 0DF9E1ED0EF2ED3400A522A1 /* Icon.png */; };
		0DF9E22C0EF2F4FC00A522A1 /* profile.png in Resources */ = {isa = PBXBuildFile; fileRef = 0DF9E2290EF2F4FC00A522A1 /* profile.png */; };
		0DF9E22D0EF2F4FC00A522A1 /* question.png in Resources */ = {isa = PBXBuildFile; fileRef = 0DF9E22A0EF2F4FC00A522A1 /* question.png */; };
		0DF9E22E0EF2F4FC00A522A1 /* wallet.png in Resources */ = {isa = PBXBuildFile; fileRef = 0DF9E22B0EF2F4FC00A522A1 /* wallet.png */; };
		0DF9E2300EF2F61A00A522A1 /* user.png in Resources */ = {isa = PBXBuildFile; fileRef = 0DF9E22F0EF2F61A00A522A1 /* user.png */; };
		0DF9E3150EF3065200A522A1 /* QuestionView.xib in Resources */ = {isa = PBXBuildFile; fileRef = 0DF9E3140EF3065200A522A1 /* QuestionView.xib */; };
		0DF9E3210EF3079100A522A1 /* SingleQuestionViewController.m in Sources */ = {isa = PBXBuildFile; fileRef = 0DF9E3200EF3079100A522A1 /* SingleQuestionViewController.m */; };
		1D3623260D0F684500981E51 /* JoeMetricAppDelegate.m in Sources */ = {isa = PBXBuildFile; fileRef = 1D3623250D0F684500981E51 /* JoeMetricAppDelegate.m */; };
		1D60589B0D05DD56006BFB54 /* main.m in Sources */ = {isa = PBXBuildFile; fileRef = 29B97316FDCFA39411CA2CEA /* main.m */; };
		1D60589F0D05DD5A006BFB54 /* Foundation.framework in Frameworks */ = {isa = PBXBuildFile; fileRef = 1D30AB110D05D00D00671497 /* Foundation.framework */; };
		1DF5F4E00D08C38300B7A737 /* UIKit.framework in Frameworks */ = {isa = PBXBuildFile; fileRef = 1DF5F4DF0D08C38300B7A737 /* UIKit.framework */; };
		288765080DF74369002DB57D /* CoreGraphics.framework in Frameworks */ = {isa = PBXBuildFile; fileRef = 288765070DF74369002DB57D /* CoreGraphics.framework */; };
		28AD73880D9D96C1002E5188 /* MainWindow.xib in Resources */ = {isa = PBXBuildFile; fileRef = 28AD73870D9D96C1002E5188 /* MainWindow.xib */; };
/* End PBXBuildFile section */

/* Begin PBXFileReference section */
		0D53AC050EF6B6F0000533C1 /* QuestionList.h */ = {isa = PBXFileReference; fileEncoding = 4; lastKnownFileType = sourcecode.c.h; path = QuestionList.h; sourceTree = "<group>"; };
		0D53AC060EF6B6F0000533C1 /* QuestionList.m */ = {isa = PBXFileReference; fileEncoding = 4; lastKnownFileType = sourcecode.c.objc; path = QuestionList.m; sourceTree = "<group>"; };
		0D68A3C50EDCD2B6007CE721 /* QuestionsListViewController.h */ = {isa = PBXFileReference; fileEncoding = 4; lastKnownFileType = sourcecode.c.h; path = QuestionsListViewController.h; sourceTree = "<group>"; };
		0D68A3C60EDCD2B6007CE721 /* QuestionsListViewController.m */ = {isa = PBXFileReference; fileEncoding = 4; lastKnownFileType = sourcecode.c.objc; path = QuestionsListViewController.m; sourceTree = "<group>"; };
		0D68A3C80EDCD2DB007CE721 /* QuestionsView.xib */ = {isa = PBXFileReference; lastKnownFileType = file.xib; path = QuestionsView.xib; sourceTree = "<group>"; };
		0D68A3CD0EDCD37A007CE721 /* WalletViewController.h */ = {isa = PBXFileReference; fileEncoding = 4; lastKnownFileType = sourcecode.c.h; path = WalletViewController.h; sourceTree = "<group>"; };
		0D68A3CE0EDCD37A007CE721 /* WalletViewController.m */ = {isa = PBXFileReference; fileEncoding = 4; lastKnownFileType = sourcecode.c.objc; path = WalletViewController.m; sourceTree = "<group>"; };
		0D68A3D00EDCD38E007CE721 /* WalletView.xib */ = {isa = PBXFileReference; lastKnownFileType = file.xib; path = WalletView.xib; sourceTree = "<group>"; };
		0D68A3D30EDCD3D6007CE721 /* ProfileViewController.h */ = {isa = PBXFileReference; fileEncoding = 4; lastKnownFileType = sourcecode.c.h; path = ProfileViewController.h; sourceTree = "<group>"; };
		0D68A3D40EDCD3D6007CE721 /* ProfileViewController.m */ = {isa = PBXFileReference; fileEncoding = 4; lastKnownFileType = sourcecode.c.objc; path = ProfileViewController.m; sourceTree = "<group>"; };
		0D68A3D60EDCD3EF007CE721 /* ProfileView.xib */ = {isa = PBXFileReference; lastKnownFileType = file.xib; path = ProfileView.xib; sourceTree = "<group>"; };
		0D68A3E80EDCD5CC007CE721 /* MainWindowViewController.h */ = {isa = PBXFileReference; fileEncoding = 4; lastKnownFileType = sourcecode.c.h; path = MainWindowViewController.h; sourceTree = "<group>"; };
		0D68A3E90EDCD5CC007CE721 /* MainWindowViewController.m */ = {isa = PBXFileReference; fileEncoding = 4; lastKnownFileType = sourcecode.c.objc; path = MainWindowViewController.m; sourceTree = "<group>"; };
		0DD8C8400EF33C3E00A20937 /* Question.h */ = {isa = PBXFileReference; fileEncoding = 4; lastKnownFileType = sourcecode.c.h; path = Question.h; sourceTree = "<group>"; };
		0DD8C8410EF33C3E00A20937 /* Question.m */ = {isa = PBXFileReference; fileEncoding = 4; lastKnownFileType = sourcecode.c.objc; path = Question.m; sourceTree = "<group>"; };
		0DD8C95D0EF487C900A20937 /* SurveyQuestionView.xib */ = {isa = PBXFileReference; lastKnownFileType = file.xib; path = SurveyQuestionView.xib; sourceTree = "<group>"; };
		0DD8C9600EF4884D00A20937 /* SurveyQuestionViewController.h */ = {isa = PBXFileReference; fileEncoding = 4; lastKnownFileType = sourcecode.c.h; path = SurveyQuestionViewController.h; sourceTree = "<group>"; };
		0DD8C9610EF4884D00A20937 /* SurveyQuestionViewController.m */ = {isa = PBXFileReference; fileEncoding = 4; lastKnownFileType = sourcecode.c.objc; path = SurveyQuestionViewController.m; sourceTree = "<group>"; };
		0DD8CA540EF4D43300A20937 /* QuestionViewController.h */ = {isa = PBXFileReference; fileEncoding = 4; lastKnownFileType = sourcecode.c.h; path = QuestionViewController.h; sourceTree = "<group>"; };
		0DD8CA550EF4D43300A20937 /* QuestionViewController.m */ = {isa = PBXFileReference; fileEncoding = 4; lastKnownFileType = sourcecode.c.objc; path = QuestionViewController.m; sourceTree = "<group>"; };
		0DF9E1ED0EF2ED3400A522A1 /* Icon.png */ = {isa = PBXFileReference; lastKnownFileType = image.png; path = Icon.png; sourceTree = SOURCE_ROOT; };
		0DF9E2290EF2F4FC00A522A1 /* profile.png */ = {isa = PBXFileReference; lastKnownFileType = image.png; path = profile.png; sourceTree = "<group>"; };
		0DF9E22A0EF2F4FC00A522A1 /* question.png */ = {isa = PBXFileReference; lastKnownFileType = image.png; path = question.png; sourceTree = "<group>"; };
		0DF9E22B0EF2F4FC00A522A1 /* wallet.png */ = {isa = PBXFileReference; lastKnownFileType = image.png; path = wallet.png; sourceTree = "<group>"; };
		0DF9E22F0EF2F61A00A522A1 /* user.png */ = {isa = PBXFileReference; lastKnownFileType = image.png; path = user.png; sourceTree = "<group>"; };
		0DF9E3140EF3065200A522A1 /* QuestionView.xib */ = {isa = PBXFileReference; lastKnownFileType = file.xib; path = QuestionView.xib; sourceTree = "<group>"; };
		0DF9E31F0EF3079100A522A1 /* SingleQuestionViewController.h */ = {isa = PBXFileReference; fileEncoding = 4; lastKnownFileType = sourcecode.c.h; path = SingleQuestionViewController.h; sourceTree = "<group>"; };
		0DF9E3200EF3079100A522A1 /* SingleQuestionViewController.m */ = {isa = PBXFileReference; fileEncoding = 4; lastKnownFileType = sourcecode.c.objc; path = SingleQuestionViewController.m; sourceTree = "<group>"; };
		1D30AB110D05D00D00671497 /* Foundation.framework */ = {isa = PBXFileReference; lastKnownFileType = wrapper.framework; name = Foundation.framework; path = System/Library/Frameworks/Foundation.framework; sourceTree = SDKROOT; };
		1D3623240D0F684500981E51 /* JoeMetricAppDelegate.h */ = {isa = PBXFileReference; fileEncoding = 4; lastKnownFileType = sourcecode.c.h; path = JoeMetricAppDelegate.h; sourceTree = "<group>"; };
		1D3623250D0F684500981E51 /* JoeMetricAppDelegate.m */ = {isa = PBXFileReference; fileEncoding = 4; lastKnownFileType = sourcecode.c.objc; path = JoeMetricAppDelegate.m; sourceTree = "<group>"; };
		1D6058910D05DD3D006BFB54 /* JoeMetric.app */ = {isa = PBXFileReference; explicitFileType = wrapper.application; includeInIndex = 0; path = JoeMetric.app; sourceTree = BUILT_PRODUCTS_DIR; };
		1DF5F4DF0D08C38300B7A737 /* UIKit.framework */ = {isa = PBXFileReference; lastKnownFileType = wrapper.framework; name = UIKit.framework; path = System/Library/Frameworks/UIKit.framework; sourceTree = SDKROOT; };
		288765070DF74369002DB57D /* CoreGraphics.framework */ = {isa = PBXFileReference; lastKnownFileType = wrapper.framework; name = CoreGraphics.framework; path = System/Library/Frameworks/CoreGraphics.framework; sourceTree = SDKROOT; };
		28A0AB4B0D9B1048005BE974 /* JoeMetric_Prefix.pch */ = {isa = PBXFileReference; fileEncoding = 4; lastKnownFileType = sourcecode.c.h; path = JoeMetric_Prefix.pch; sourceTree = "<group>"; };
		28AD73870D9D96C1002E5188 /* MainWindow.xib */ = {isa = PBXFileReference; lastKnownFileType = file.xib; path = MainWindow.xib; sourceTree = "<group>"; };
		29B97316FDCFA39411CA2CEA /* main.m */ = {isa = PBXFileReference; fileEncoding = 4; lastKnownFileType = sourcecode.c.objc; path = main.m; sourceTree = "<group>"; };
		8D1107310486CEB800E47090 /* Info.plist */ = {isa = PBXFileReference; fileEncoding = 4; lastKnownFileType = text.plist.xml; path = Info.plist; sourceTree = "<group>"; };
/* End PBXFileReference section */

/* Begin PBXFrameworksBuildPhase section */
		1D60588F0D05DD3D006BFB54 /* Frameworks */ = {
			isa = PBXFrameworksBuildPhase;
			buildActionMask = 2147483647;
			files = (
				1D60589F0D05DD5A006BFB54 /* Foundation.framework in Frameworks */,
				1DF5F4E00D08C38300B7A737 /* UIKit.framework in Frameworks */,
				288765080DF74369002DB57D /* CoreGraphics.framework in Frameworks */,
			);
			runOnlyForDeploymentPostprocessing = 0;
		};
/* End PBXFrameworksBuildPhase section */

/* Begin PBXGroup section */
		080E96DDFE201D6D7F000001 /* Classes */ = {
			isa = PBXGroup;
			children = (
				0DD8C8440EF33DB900A20937 /* Models */,
				0D8DC8870EDE35B9007EC072 /* View Controllers */,
				1D3623240D0F684500981E51 /* JoeMetricAppDelegate.h */,
				1D3623250D0F684500981E51 /* JoeMetricAppDelegate.m */,
			);
			path = Classes;
			sourceTree = "<group>";
		};
		0D8DC8870EDE35B9007EC072 /* View Controllers */ = {
			isa = PBXGroup;
			children = (
				0DD8CAB10EF4D6A800A20937 /* Question View Controllers */,
				0D68A3CD0EDCD37A007CE721 /* WalletViewController.h */,
				0D68A3CE0EDCD37A007CE721 /* WalletViewController.m */,
				0D68A3D30EDCD3D6007CE721 /* ProfileViewController.h */,
				0D68A3D40EDCD3D6007CE721 /* ProfileViewController.m */,
				0D68A3E80EDCD5CC007CE721 /* MainWindowViewController.h */,
				0D68A3E90EDCD5CC007CE721 /* MainWindowViewController.m */,
			);
			name = "View Controllers";
			sourceTree = "<group>";
		};
		0DD8C8440EF33DB900A20937 /* Models */ = {
			isa = PBXGroup;
			children = (
				0DD8C8400EF33C3E00A20937 /* Question.h */,
				0DD8C8410EF33C3E00A20937 /* Question.m */,
				0D53AC050EF6B6F0000533C1 /* QuestionList.h */,
				0D53AC060EF6B6F0000533C1 /* QuestionList.m */,
			);
			name = Models;
			sourceTree = "<group>";
		};
		0DD8CAB10EF4D6A800A20937 /* Question View Controllers */ = {
			isa = PBXGroup;
			children = (
				0D68A3C50EDCD2B6007CE721 /* QuestionsListViewController.h */,
				0D68A3C60EDCD2B6007CE721 /* QuestionsListViewController.m */,
				0DF9E31F0EF3079100A522A1 /* SingleQuestionViewController.h */,
				0DF9E3200EF3079100A522A1 /* SingleQuestionViewController.m */,
				0DD8C9600EF4884D00A20937 /* SurveyQuestionViewController.h */,
				0DD8C9610EF4884D00A20937 /* SurveyQuestionViewController.m */,
				0DD8CA540EF4D43300A20937 /* QuestionViewController.h */,
				0DD8CA550EF4D43300A20937 /* QuestionViewController.m */,
			);
			name = "Question View Controllers";
			sourceTree = "<group>";
		};
		0DF9E1EB0EF2ED1800A522A1 /* Images */ = {
			isa = PBXGroup;
			children = (
				0DF9E2290EF2F4FC00A522A1 /* profile.png */,
				0DF9E22F0EF2F61A00A522A1 /* user.png */,
				0DF9E22A0EF2F4FC00A522A1 /* question.png */,
				0DF9E22B0EF2F4FC00A522A1 /* wallet.png */,
				0DF9E1ED0EF2ED3400A522A1 /* Icon.png */,
			);
			name = Images;
			path = Classes;
			sourceTree = "<group>";
		};
		19C28FACFE9D520D11CA2CBB /* Products */ = {
			isa = PBXGroup;
			children = (
				1D6058910D05DD3D006BFB54 /* JoeMetric.app */,
			);
			name = Products;
			sourceTree = "<group>";
		};
		29B97314FDCFA39411CA2CEA /* JoeMetric */ = {
			isa = PBXGroup;
			children = (
				080E96DDFE201D6D7F000001 /* Classes */,
				29B97315FDCFA39411CA2CEA /* Other Sources */,
				29B97317FDCFA39411CA2CEA /* Resources */,
				29B97323FDCFA39411CA2CEA /* Frameworks */,
				19C28FACFE9D520D11CA2CBB /* Products */,
			);
			name = JoeMetric;
			sourceTree = "<group>";
		};
		29B97315FDCFA39411CA2CEA /* Other Sources */ = {
			isa = PBXGroup;
			children = (
				28A0AB4B0D9B1048005BE974 /* JoeMetric_Prefix.pch */,
				29B97316FDCFA39411CA2CEA /* main.m */,
			);
			name = "Other Sources";
			sourceTree = "<group>";
		};
		29B97317FDCFA39411CA2CEA /* Resources */ = {
			isa = PBXGroup;
			children = (
				0DF9E1EB0EF2ED1800A522A1 /* Images */,
				28AD73870D9D96C1002E5188 /* MainWindow.xib */,
				8D1107310486CEB800E47090 /* Info.plist */,
				0D68A3C80EDCD2DB007CE721 /* QuestionsView.xib */,
				0D68A3D00EDCD38E007CE721 /* WalletView.xib */,
				0D68A3D60EDCD3EF007CE721 /* ProfileView.xib */,
				0DF9E3140EF3065200A522A1 /* QuestionView.xib */,
				0DD8C95D0EF487C900A20937 /* SurveyQuestionView.xib */,
			);
			name = Resources;
			sourceTree = "<group>";
		};
		29B97323FDCFA39411CA2CEA /* Frameworks */ = {
			isa = PBXGroup;
			children = (
				1DF5F4DF0D08C38300B7A737 /* UIKit.framework */,
				1D30AB110D05D00D00671497 /* Foundation.framework */,
				288765070DF74369002DB57D /* CoreGraphics.framework */,
			);
			name = Frameworks;
			sourceTree = "<group>";
		};
/* End PBXGroup section */

/* Begin PBXNativeTarget section */
		1D6058900D05DD3D006BFB54 /* JoeMetric */ = {
			isa = PBXNativeTarget;
			buildConfigurationList = 1D6058960D05DD3E006BFB54 /* Build configuration list for PBXNativeTarget "JoeMetric" */;
			buildPhases = (
				1D60588D0D05DD3D006BFB54 /* Resources */,
				1D60588E0D05DD3D006BFB54 /* Sources */,
				1D60588F0D05DD3D006BFB54 /* Frameworks */,
			);
			buildRules = (
			);
			dependencies = (
			);
			name = JoeMetric;
			productName = JoeMetric;
			productReference = 1D6058910D05DD3D006BFB54 /* JoeMetric.app */;
			productType = "com.apple.product-type.application";
		};
/* End PBXNativeTarget section */

/* Begin PBXProject section */
		29B97313FDCFA39411CA2CEA /* Project object */ = {
			isa = PBXProject;
			buildConfigurationList = C01FCF4E08A954540054247B /* Build configuration list for PBXProject "JoeMetric" */;
			compatibilityVersion = "Xcode 3.1";
			hasScannedForEncodings = 1;
			mainGroup = 29B97314FDCFA39411CA2CEA /* JoeMetric */;
			projectDirPath = "";
			projectRoot = "";
			targets = (
				1D6058900D05DD3D006BFB54 /* JoeMetric */,
			);
		};
/* End PBXProject section */

/* Begin PBXResourcesBuildPhase section */
		1D60588D0D05DD3D006BFB54 /* Resources */ = {
			isa = PBXResourcesBuildPhase;
			buildActionMask = 2147483647;
			files = (
				28AD73880D9D96C1002E5188 /* MainWindow.xib in Resources */,
				0D68A3C90EDCD2DB007CE721 /* QuestionsView.xib in Resources */,
				0D68A3D10EDCD38E007CE721 /* WalletView.xib in Resources */,
				0D68A3D70EDCD3EF007CE721 /* ProfileView.xib in Resources */,
				0DF9E1F00EF2ED3400A522A1 /* Icon.png in Resources */,
				0DF9E22C0EF2F4FC00A522A1 /* profile.png in Resources */,
				0DF9E22D0EF2F4FC00A522A1 /* question.png in Resources */,
				0DF9E22E0EF2F4FC00A522A1 /* wallet.png in Resources */,
				0DF9E2300EF2F61A00A522A1 /* user.png in Resources */,
				0DF9E3150EF3065200A522A1 /* QuestionView.xib in Resources */,
				0DD8C95E0EF487C900A20937 /* SurveyQuestionView.xib in Resources */,
			);
			runOnlyForDeploymentPostprocessing = 0;
		};
/* End PBXResourcesBuildPhase section */

/* Begin PBXSourcesBuildPhase section */
		1D60588E0D05DD3D006BFB54 /* Sources */ = {
			isa = PBXSourcesBuildPhase;
			buildActionMask = 2147483647;
			files = (
				1D60589B0D05DD56006BFB54 /* main.m in Sources */,
				1D3623260D0F684500981E51 /* JoeMetricAppDelegate.m in Sources */,
				0D68A3C70EDCD2B6007CE721 /* QuestionsListViewController.m in Sources */,
				0D68A3CF0EDCD37A007CE721 /* WalletViewController.m in Sources */,
				0D68A3D50EDCD3D6007CE721 /* ProfileViewController.m in Sources */,
				0D68A3EA0EDCD5CC007CE721 /* MainWindowViewController.m in Sources */,
				0DF9E3210EF3079100A522A1 /* SingleQuestionViewController.m in Sources */,
				0DD8C8420EF33C3E00A20937 /* Question.m in Sources */,
				0DD8C9620EF4884D00A20937 /* SurveyQuestionViewController.m in Sources */,
				0DD8CA560EF4D43300A20937 /* QuestionViewController.m in Sources */,
				0D53AC070EF6B6F0000533C1 /* QuestionList.m in Sources */,
			);
			runOnlyForDeploymentPostprocessing = 0;
		};
/* End PBXSourcesBuildPhase section */

/* Begin XCBuildConfiguration section */
		1D6058940D05DD3E006BFB54 /* Debug */ = {
			isa = XCBuildConfiguration;
			buildSettings = {
				ALWAYS_SEARCH_USER_PATHS = NO;
				COPY_PHASE_STRIP = NO;
				GCC_DYNAMIC_NO_PIC = NO;
				GCC_OPTIMIZATION_LEVEL = 0;
				GCC_PRECOMPILE_PREFIX_HEADER = YES;
				GCC_PREFIX_HEADER = JoeMetric_Prefix.pch;
				INFOPLIST_FILE = Info.plist;
				PRODUCT_NAME = JoeMetric;
			};
			name = Debug;
		};
		1D6058950D05DD3E006BFB54 /* Release */ = {
			isa = XCBuildConfiguration;
			buildSettings = {
				ALWAYS_SEARCH_USER_PATHS = NO;
				COPY_PHASE_STRIP = YES;
				GCC_PRECOMPILE_PREFIX_HEADER = YES;
				GCC_PREFIX_HEADER = JoeMetric_Prefix.pch;
				INFOPLIST_FILE = Info.plist;
				PRODUCT_NAME = JoeMetric;
			};
			name = Release;
		};
		C01FCF4F08A954540054247B /* Debug */ = {
			isa = XCBuildConfiguration;
			buildSettings = {
				ARCHS = "$(ARCHS_STANDARD_32_BIT)";
				"CODE_SIGN_IDENTITY[sdk=iphoneos*]" = "iPhone Developer";
				GCC_C_LANGUAGE_STANDARD = c99;
				GCC_WARN_ABOUT_RETURN_TYPE = YES;
				GCC_WARN_UNUSED_VARIABLE = YES;
				ONLY_ACTIVE_ARCH = YES;
				PREBINDING = NO;
				SDKROOT = iphoneos2.1;
			};
			name = Debug;
		};
		C01FCF5008A954540054247B /* Release */ = {
			isa = XCBuildConfiguration;
			buildSettings = {
				ARCHS = "$(ARCHS_STANDARD_32_BIT)";
				"CODE_SIGN_IDENTITY[sdk=iphoneos*]" = "iPhone Developer";
				GCC_C_LANGUAGE_STANDARD = c99;
				GCC_WARN_ABOUT_RETURN_TYPE = YES;
				GCC_WARN_UNUSED_VARIABLE = YES;
				PREBINDING = NO;
				SDKROOT = iphoneos2.1;
			};
			name = Release;
		};
/* End XCBuildConfiguration section */

/* Begin XCConfigurationList section */
		1D6058960D05DD3E006BFB54 /* Build configuration list for PBXNativeTarget "JoeMetric" */ = {
			isa = XCConfigurationList;
			buildConfigurations = (
				1D6058940D05DD3E006BFB54 /* Debug */,
				1D6058950D05DD3E006BFB54 /* Release */,
			);
			defaultConfigurationIsVisible = 0;
			defaultConfigurationName = Release;
		};
		C01FCF4E08A954540054247B /* Build configuration list for PBXProject "JoeMetric" */ = {
			isa = XCConfigurationList;
			buildConfigurations = (
				C01FCF4F08A954540054247B /* Debug */,
				C01FCF5008A954540054247B /* Release */,
			);
			defaultConfigurationIsVisible = 0;
			defaultConfigurationName = Release;
		};
/* End XCConfigurationList section */
	};
	rootObject = 29B97313FDCFA39411CA2CEA /* Project object */;
}
